// !$*UTF8*$!
{
	archiveVersion = 1;
	classes = {
	};
	objectVersion = 46;
	objects = {

/* Begin PBXBuildFile section */
		1D5FEF291A4DC636002213A6 /* GRPDataGenerator.m in Sources */ = {isa = PBXBuildFile; fileRef = 1D5FEF281A4DC636002213A6 /* GRPDataGenerator.m */; };
		1D5FEF2C1A4DC65B002213A6 /* GRPDataSifter.m in Sources */ = {isa = PBXBuildFile; fileRef = 1D5FEF2B1A4DC65B002213A6 /* GRPDataSifter.m */; };
		1D5FEF2F1A4DC6A7002213A6 /* Grapes.xcdatamodeld in Sources */ = {isa = PBXBuildFile; fileRef = 1D5FEF2D1A4DC6A7002213A6 /* Grapes.xcdatamodeld */; };
		1D5FEF351A4DC8C9002213A6 /* GRPReview.m in Sources */ = {isa = PBXBuildFile; fileRef = 1D5FEF341A4DC8C9002213A6 /* GRPReview.m */; };
		1D5FEF381A4DC8C9002213A6 /* GRPUser.m in Sources */ = {isa = PBXBuildFile; fileRef = 1D5FEF371A4DC8C9002213A6 /* GRPUser.m */; };
		1D5FEF3B1A4DC8E2002213A6 /* GRPUser+GRP.m in Sources */ = {isa = PBXBuildFile; fileRef = 1D5FEF3A1A4DC8E2002213A6 /* GRPUser+GRP.m */; };
		1D5FEF3E1A4DC8ED002213A6 /* GRPReview+GRP.m in Sources */ = {isa = PBXBuildFile; fileRef = 1D5FEF3D1A4DC8ED002213A6 /* GRPReview+GRP.m */; };
		1D5FEF411A4DC8FD002213A6 /* GRPWine+GRP.m in Sources */ = {isa = PBXBuildFile; fileRef = 1D5FEF401A4DC8FD002213A6 /* GRPWine+GRP.m */; };
		1D5FEFA71A4DCB47002213A6 /* FZCDSAction.m in Sources */ = {isa = PBXBuildFile; fileRef = 1D5FEF481A4DCB47002213A6 /* FZCDSAction.m */; };
		1D5FEFA81A4DCB47002213A6 /* FZCDSActionAddGlobalVariable.m in Sources */ = {isa = PBXBuildFile; fileRef = 1D5FEF4A1A4DCB47002213A6 /* FZCDSActionAddGlobalVariable.m */; };
		1D5FEFA91A4DCB47002213A6 /* FZCDSActionAddHeader.m in Sources */ = {isa = PBXBuildFile; fileRef = 1D5FEF4C1A4DCB47002213A6 /* FZCDSActionAddHeader.m */; };
		1D5FEFAA1A4DCB47002213A6 /* FZCDSActionCreateCookie.m in Sources */ = {isa = PBXBuildFile; fileRef = 1D5FEF4E1A4DCB47002213A6 /* FZCDSActionCreateCookie.m */; };
		1D5FEFAB1A4DCB47002213A6 /* FZCDSActionRemoveAllCookies.m in Sources */ = {isa = PBXBuildFile; fileRef = 1D5FEF501A4DCB47002213A6 /* FZCDSActionRemoveAllCookies.m */; };
		1D5FEFAC1A4DCB47002213A6 /* FZCDSActionRemoveAllHeaders.m in Sources */ = {isa = PBXBuildFile; fileRef = 1D5FEF521A4DCB47002213A6 /* FZCDSActionRemoveAllHeaders.m */; };
		1D5FEFAD1A4DCB47002213A6 /* FZCDSActionRemoveCookie.m in Sources */ = {isa = PBXBuildFile; fileRef = 1D5FEF541A4DCB47002213A6 /* FZCDSActionRemoveCookie.m */; };
		1D5FEFAE1A4DCB47002213A6 /* FZCDSActionRemoveHeader.m in Sources */ = {isa = PBXBuildFile; fileRef = 1D5FEF561A4DCB47002213A6 /* FZCDSActionRemoveHeader.m */; };
		1D5FEFAF1A4DCB47002213A6 /* FZCDSActionSetProperty.m in Sources */ = {isa = PBXBuildFile; fileRef = 1D5FEF581A4DCB47002213A6 /* FZCDSActionSetProperty.m */; };
		1D5FEFB01A4DCB47002213A6 /* FZCDSUIResponderAddition.m in Sources */ = {isa = PBXBuildFile; fileRef = 1D5FEF5B1A4DCB47002213A6 /* FZCDSUIResponderAddition.m */; };
		1D5FEFB11A4DCB47002213A6 /* NSEntityDescription+Cache.m in Sources */ = {isa = PBXBuildFile; fileRef = 1D5FEF5D1A4DCB47002213A6 /* NSEntityDescription+Cache.m */; };
		1D5FEFB21A4DCB47002213A6 /* NSEntityDescription+CombinedData.m in Sources */ = {isa = PBXBuildFile; fileRef = 1D5FEF5F1A4DCB47002213A6 /* NSEntityDescription+CombinedData.m */; };
		1D5FEFB31A4DCB47002213A6 /* NSEntityDescription+FZCDS.m in Sources */ = {isa = PBXBuildFile; fileRef = 1D5FEF611A4DCB47002213A6 /* NSEntityDescription+FZCDS.m */; };
		1D5FEFB41A4DCB47002213A6 /* NSManagedObject+FZCDS.m in Sources */ = {isa = PBXBuildFile; fileRef = 1D5FEF631A4DCB47002213A6 /* NSManagedObject+FZCDS.m */; };
		1D5FEFB51A4DCB47002213A6 /* NSObject+AssociatedObject.m in Sources */ = {isa = PBXBuildFile; fileRef = 1D5FEF651A4DCB47002213A6 /* NSObject+AssociatedObject.m */; };
		1D5FEFB61A4DCB47002213A6 /* NSSet+KVO.m in Sources */ = {isa = PBXBuildFile; fileRef = 1D5FEF671A4DCB47002213A6 /* NSSet+KVO.m */; };
		1D5FEFB71A4DCB47002213A6 /* UIResponder+FZCDS.m in Sources */ = {isa = PBXBuildFile; fileRef = 1D5FEF691A4DCB47002213A6 /* UIResponder+FZCDS.m */; };
		1D5FEFB81A4DCB47002213A6 /* UIViewController+FZCDS.m in Sources */ = {isa = PBXBuildFile; fileRef = 1D5FEF6B1A4DCB47002213A6 /* UIViewController+FZCDS.m */; };
		1D5FEFB91A4DCB47002213A6 /* FZCDSCache.m in Sources */ = {isa = PBXBuildFile; fileRef = 1D5FEF6F1A4DCB47002213A6 /* FZCDSCache.m */; };
		1D5FEFBA1A4DCB47002213A6 /* FZCDSManager+ObjectOperation.m in Sources */ = {isa = PBXBuildFile; fileRef = 1D5FEF721A4DCB47002213A6 /* FZCDSManager+ObjectOperation.m */; };
		1D5FEFBB1A4DCB47002213A6 /* FZCDSManager+URLOperation.m in Sources */ = {isa = PBXBuildFile; fileRef = 1D5FEF751A4DCB47002213A6 /* FZCDSManager+URLOperation.m */; };
		1D5FEFBC1A4DCB47002213A6 /* FZCDSManager.m in Sources */ = {isa = PBXBuildFile; fileRef = 1D5FEF771A4DCB47002213A6 /* FZCDSManager.m */; };
		1D5FEFBD1A4DCB47002213A6 /* FZCDSTypeConverter.m in Sources */ = {isa = PBXBuildFile; fileRef = 1D5FEF791A4DCB47002213A6 /* FZCDSTypeConverter.m */; };
		1D5FEFBF1A4DCB47002213A6 /* FZCDSFetchArrayController.m in Sources */ = {isa = PBXBuildFile; fileRef = 1D5FEF7E1A4DCB47002213A6 /* FZCDSFetchArrayController.m */; };
		1D5FEFC01A4DCB47002213A6 /* FZCDSFetchController.m in Sources */ = {isa = PBXBuildFile; fileRef = 1D5FEF831A4DCB47002213A6 /* FZCDSFetchController.m */; };
		1D5FEFC11A4DCB47002213A6 /* FZCDSFetchObjectController.m in Sources */ = {isa = PBXBuildFile; fileRef = 1D5FEF861A4DCB47002213A6 /* FZCDSFetchObjectController.m */; };
		1D5FEFC21A4DCB47002213A6 /* FZCDSListener.m in Sources */ = {isa = PBXBuildFile; fileRef = 1D5FEF881A4DCB47002213A6 /* FZCDSListener.m */; };
		1D5FEFC31A4DCB47002213A6 /* FZCDSPagingTableViewController.m in Sources */ = {isa = PBXBuildFile; fileRef = 1D5FEF8A1A4DCB47002213A6 /* FZCDSPagingTableViewController.m */; };
		1D5FEFC41A4DCB47002213A6 /* FZCDSTableViewController.m in Sources */ = {isa = PBXBuildFile; fileRef = 1D5FEF8C1A4DCB47002213A6 /* FZCDSTableViewController.m */; };
		1D5FEFC51A4DCB47002213A6 /* FZCDSLog.m in Sources */ = {isa = PBXBuildFile; fileRef = 1D5FEF901A4DCB47002213A6 /* FZCDSLog.m */; };
		1D5FEFC61A4DCB47002213A6 /* FZCDSLogMapping.m in Sources */ = {isa = PBXBuildFile; fileRef = 1D5FEF921A4DCB47002213A6 /* FZCDSLogMapping.m */; };
		1D5FEFC71A4DCB47002213A6 /* FZCDSLogObject.m in Sources */ = {isa = PBXBuildFile; fileRef = 1D5FEF951A4DCB47002213A6 /* FZCDSLogObject.m */; };
		1D5FEFC81A4DCB47002213A6 /* FZCDSLogOperation.m in Sources */ = {isa = PBXBuildFile; fileRef = 1D5FEF981A4DCB47002213A6 /* FZCDSLogOperation.m */; };
		1D5FEFC91A4DCB47002213A6 /* FZCDSFetchObjectOperation.m in Sources */ = {isa = PBXBuildFile; fileRef = 1D5FEF9B1A4DCB47002213A6 /* FZCDSFetchObjectOperation.m */; };
		1D5FEFCA1A4DCB47002213A6 /* FZCDSFetchOperation.m in Sources */ = {isa = PBXBuildFile; fileRef = 1D5FEF9E1A4DCB47002213A6 /* FZCDSFetchOperation.m */; };
		1D5FEFCB1A4DCB47002213A6 /* FZCDSFetchRelationshipOperation.m in Sources */ = {isa = PBXBuildFile; fileRef = 1D5FEFA01A4DCB47002213A6 /* FZCDSFetchRelationshipOperation.m */; };
		1D5FEFCC1A4DCB47002213A6 /* FZCDSURLOperation.m in Sources */ = {isa = PBXBuildFile; fileRef = 1D5FEFA31A4DCB47002213A6 /* FZCDSURLOperation.m */; };
		1D5FEFCD1A4DCB47002213A6 /* FZCDSTestSupport.m in Sources */ = {isa = PBXBuildFile; fileRef = 1D5FEFA61A4DCB47002213A6 /* FZCDSTestSupport.m */; };
		1D5FEFD31A4DCB5D002213A6 /* FZTableViewDelegate+Private.m in Sources */ = {isa = PBXBuildFile; fileRef = 1D5FEFD01A4DCB5D002213A6 /* FZTableViewDelegate+Private.m */; };
		1D5FEFD41A4DCB5D002213A6 /* FZTableViewDelegate.m in Sources */ = {isa = PBXBuildFile; fileRef = 1D5FEFD21A4DCB5D002213A6 /* FZTableViewDelegate.m */; };
		1D5FEFF41A4DCB6E002213A6 /* FZViewModelBuilder.m in Sources */ = {isa = PBXBuildFile; fileRef = 1D5FEFDA1A4DCB6E002213A6 /* FZViewModelBuilder.m */; };
		1D5FEFF51A4DCB6E002213A6 /* FZViewModelBuilderAbstractGrouped.m in Sources */ = {isa = PBXBuildFile; fileRef = 1D5FEFDC1A4DCB6E002213A6 /* FZViewModelBuilderAbstractGrouped.m */; };
		1D5FEFF61A4DCB6E002213A6 /* FZViewModelBuilderGroupedByBlock.m in Sources */ = {isa = PBXBuildFile; fileRef = 1D5FEFDE1A4DCB6E002213A6 /* FZViewModelBuilderGroupedByBlock.m */; };
		1D5FEFF71A4DCB6E002213A6 /* FZViewModelBuilderGroupedByFirstLetter.m in Sources */ = {isa = PBXBuildFile; fileRef = 1D5FEFE01A4DCB6E002213A6 /* FZViewModelBuilderGroupedByFirstLetter.m */; };
		1D5FEFF81A4DCB6E002213A6 /* FZViewModelBuilderGroupedByKeyPath.m in Sources */ = {isa = PBXBuildFile; fileRef = 1D5FEFE21A4DCB6E002213A6 /* FZViewModelBuilderGroupedByKeyPath.m */; };
		1D5FEFF91A4DCB6E002213A6 /* FZViewModelBuilderGroupedByKeyPathEchoing.m in Sources */ = {isa = PBXBuildFile; fileRef = 1D5FEFE41A4DCB6E002213A6 /* FZViewModelBuilderGroupedByKeyPathEchoing.m */; };
		1D5FEFFA1A4DCB6E002213A6 /* FZViewModelBuilderGroupSquashing.m in Sources */ = {isa = PBXBuildFile; fileRef = 1D5FEFE61A4DCB6E002213A6 /* FZViewModelBuilderGroupSquashing.m */; };
		1D5FEFFB1A4DCB6E002213A6 /* FZViewModelBuilderNestedBuilders.m in Sources */ = {isa = PBXBuildFile; fileRef = 1D5FEFE81A4DCB6E002213A6 /* FZViewModelBuilderNestedBuilders.m */; };
		1D5FEFFC1A4DCB6E002213A6 /* FZCellViewModel.m in Sources */ = {isa = PBXBuildFile; fileRef = 1D5FEFEB1A4DCB6E002213A6 /* FZCellViewModel.m */; };
		1D5FEFFD1A4DCB6E002213A6 /* FZCollectionViewCellViewModel.m in Sources */ = {isa = PBXBuildFile; fileRef = 1D5FEFED1A4DCB6E002213A6 /* FZCollectionViewCellViewModel.m */; };
		1D5FEFFE1A4DCB6E002213A6 /* FZTableViewCellViewModel.m in Sources */ = {isa = PBXBuildFile; fileRef = 1D5FEFEF1A4DCB6E002213A6 /* FZTableViewCellViewModel.m */; };
		1D5FEFFF1A4DCB6E002213A6 /* FZTableViewSectionModel.m in Sources */ = {isa = PBXBuildFile; fileRef = 1D5FEFF11A4DCB6E002213A6 /* FZTableViewSectionModel.m */; };
		1D5FF0001A4DCB6E002213A6 /* FZViewModel.m in Sources */ = {isa = PBXBuildFile; fileRef = 1D5FEFF31A4DCB6E002213A6 /* FZViewModel.m */; };
		1D5FF0031A4DCBEA002213A6 /* FZCDSCollectionController.m in Sources */ = {isa = PBXBuildFile; fileRef = 1D5FF0021A4DCBEA002213A6 /* FZCDSCollectionController.m */; };
		1D5FF0061A4DCC93002213A6 /* NSError+FZCDS.m in Sources */ = {isa = PBXBuildFile; fileRef = 1D5FF0051A4DCC93002213A6 /* NSError+FZCDS.m */; };
		1D5FF0091A4DCD55002213A6 /* GRPUserHandler.m in Sources */ = {isa = PBXBuildFile; fileRef = 1D5FF0081A4DCD55002213A6 /* GRPUserHandler.m */; };
		1D5FF00C1A4DD487002213A6 /* GRPWine.m in Sources */ = {isa = PBXBuildFile; fileRef = 1D5FF00B1A4DD487002213A6 /* GRPWine.m */; };
		1DF5C4B919BCDC820064209C /* GRPReviewDetailsViewController.m in Sources */ = {isa = PBXBuildFile; fileRef = 1DF5C4B819BCDC820064209C /* GRPReviewDetailsViewController.m */; };
		1DF5C4BC19BCDEE80064209C /* GRPViewControllerFactory.m in Sources */ = {isa = PBXBuildFile; fileRef = 1DF5C4BB19BCDEE80064209C /* GRPViewControllerFactory.m */; };
		1DFC7A8C1A4DE27A00646F1A /* NSDate+GRP.m in Sources */ = {isa = PBXBuildFile; fileRef = 1DFC7A8B1A4DE27A00646F1A /* NSDate+GRP.m */; };
		1DFC7A901A4DE5CC00646F1A /* GRPAdjustableTextFieldTableViewCell.m in Sources */ = {isa = PBXBuildFile; fileRef = 1DFC7A8F1A4DE5CC00646F1A /* GRPAdjustableTextFieldTableViewCell.m */; };
		1DFC7A941A4DEAE800646F1A /* GRPTableView.m in Sources */ = {isa = PBXBuildFile; fileRef = 1DFC7A931A4DEAE800646F1A /* GRPTableView.m */; };
		1DFC7A971A4DEB0600646F1A /* GRPTableViewCell.m in Sources */ = {isa = PBXBuildFile; fileRef = 1DFC7A961A4DEB0600646F1A /* GRPTableViewCell.m */; };
		1DFC7A9B1A4DEF2000646F1A /* FZKeyboardAppearanceEventResponder.m in Sources */ = {isa = PBXBuildFile; fileRef = 1DFC7A9A1A4DEF2000646F1A /* FZKeyboardAppearanceEventResponder.m */; };
		1DFC7A9E1A4DEF4900646F1A /* GRPKeyboardMediator.m in Sources */ = {isa = PBXBuildFile; fileRef = 1DFC7A9D1A4DEF4900646F1A /* GRPKeyboardMediator.m */; };
		1DFC7AA11A4DF6B900646F1A /* GRPKeyboardAttachmentView.m in Sources */ = {isa = PBXBuildFile; fileRef = 1DFC7AA01A4DF6B900646F1A /* GRPKeyboardAttachmentView.m */; };
		1DFC7AA81A4E045700646F1A /* FZMessagesView.m in Sources */ = {isa = PBXBuildFile; fileRef = 1DFC7AA41A4E045700646F1A /* FZMessagesView.m */; };
		1DFC7AA91A4E045700646F1A /* FZMessagesView.xib in Resources */ = {isa = PBXBuildFile; fileRef = 1DFC7AA51A4E045700646F1A /* FZMessagesView.xib */; };
		1DFC7AAA1A4E045700646F1A /* FZMessagesViewMediator.m in Sources */ = {isa = PBXBuildFile; fileRef = 1DFC7AA71A4E045700646F1A /* FZMessagesViewMediator.m */; };
		36B9678AF9CE028350BF237E /* libPods-Grapes.a in Frameworks */ = {isa = PBXBuildFile; fileRef = AA8F471BE6B6D8045422EAA1 /* libPods-Grapes.a */; };
		4FFA90E0186782D4003E2791 /* Foundation.framework in Frameworks */ = {isa = PBXBuildFile; fileRef = 4FFA90DF186782D4003E2791 /* Foundation.framework */; };
		4FFA90E2186782D4003E2791 /* CoreGraphics.framework in Frameworks */ = {isa = PBXBuildFile; fileRef = 4FFA90E1186782D4003E2791 /* CoreGraphics.framework */; };
		4FFA90E4186782D4003E2791 /* UIKit.framework in Frameworks */ = {isa = PBXBuildFile; fileRef = 4FFA90E3186782D4003E2791 /* UIKit.framework */; };
		4FFA90EA186782D4003E2791 /* InfoPlist.strings in Resources */ = {isa = PBXBuildFile; fileRef = 4FFA90E8186782D4003E2791 /* InfoPlist.strings */; };
		4FFA90EC186782D4003E2791 /* main.m in Sources */ = {isa = PBXBuildFile; fileRef = 4FFA90EB186782D4003E2791 /* main.m */; };
		4FFA90F0186782D4003E2791 /* GRPAppDelegate.m in Sources */ = {isa = PBXBuildFile; fileRef = 4FFA90EF186782D4003E2791 /* GRPAppDelegate.m */; };
		4FFA90F8186782D4003E2791 /* Images.xcassets in Resources */ = {isa = PBXBuildFile; fileRef = 4FFA90F7186782D4003E2791 /* Images.xcassets */; };
		4FFA90FF186782D4003E2791 /* XCTest.framework in Frameworks */ = {isa = PBXBuildFile; fileRef = 4FFA90FE186782D4003E2791 /* XCTest.framework */; };
		4FFA9100186782D4003E2791 /* Foundation.framework in Frameworks */ = {isa = PBXBuildFile; fileRef = 4FFA90DF186782D4003E2791 /* Foundation.framework */; };
		4FFA9101186782D4003E2791 /* UIKit.framework in Frameworks */ = {isa = PBXBuildFile; fileRef = 4FFA90E3186782D4003E2791 /* UIKit.framework */; };
		4FFA9109186782D4003E2791 /* InfoPlist.strings in Resources */ = {isa = PBXBuildFile; fileRef = 4FFA9107186782D4003E2791 /* InfoPlist.strings */; };
		4FFA910B186782D4003E2791 /* GrapesTests.m in Sources */ = {isa = PBXBuildFile; fileRef = 4FFA910A186782D4003E2791 /* GrapesTests.m */; };
		4FFA911E18678552003E2791 /* WineList.storyboard in Resources */ = {isa = PBXBuildFile; fileRef = 4FFA911D18678552003E2791 /* WineList.storyboard */; };
		4FFA912818678640003E2791 /* GRPReviewListViewController.m in Sources */ = {isa = PBXBuildFile; fileRef = 4FFA912718678640003E2791 /* GRPReviewListViewController.m */; };
		4FFA912E18678993003E2791 /* GRPReviewTableViewCell.m in Sources */ = {isa = PBXBuildFile; fileRef = 4FFA912D18678993003E2791 /* GRPReviewTableViewCell.m */; };
		4FFA913418678F15003E2791 /* UIColor+GRP.m in Sources */ = {isa = PBXBuildFile; fileRef = 4FFA913318678F15003E2791 /* UIColor+GRP.m */; };
		4FFA913718678F2B003E2791 /* GRPAppearanceHandler.m in Sources */ = {isa = PBXBuildFile; fileRef = 4FFA913618678F2B003E2791 /* GRPAppearanceHandler.m */; };
		4FFA913B1867A5C3003E2791 /* GRPWineImageView.m in Sources */ = {isa = PBXBuildFile; fileRef = 4FFA913A1867A5C3003E2791 /* GRPWineImageView.m */; };
		4FFA913E1867A867003E2791 /* GRPRatingView.m in Sources */ = {isa = PBXBuildFile; fileRef = 4FFA913D1867A867003E2791 /* GRPRatingView.m */; };
/* End PBXBuildFile section */

/* Begin PBXContainerItemProxy section */
		4FFA9102186782D4003E2791 /* PBXContainerItemProxy */ = {
			isa = PBXContainerItemProxy;
			containerPortal = 4FFA90D4186782D4003E2791 /* Project object */;
			proxyType = 1;
			remoteGlobalIDString = 4FFA90DB186782D4003E2791;
			remoteInfo = Grapes;
		};
/* End PBXContainerItemProxy section */

/* Begin PBXFileReference section */
		1D5FEF271A4DC636002213A6 /* GRPDataGenerator.h */ = {isa = PBXFileReference; fileEncoding = 4; lastKnownFileType = sourcecode.c.h; path = GRPDataGenerator.h; sourceTree = "<group>"; };
		1D5FEF281A4DC636002213A6 /* GRPDataGenerator.m */ = {isa = PBXFileReference; fileEncoding = 4; lastKnownFileType = sourcecode.c.objc; path = GRPDataGenerator.m; sourceTree = "<group>"; };
		1D5FEF2A1A4DC65B002213A6 /* GRPDataSifter.h */ = {isa = PBXFileReference; fileEncoding = 4; lastKnownFileType = sourcecode.c.h; path = GRPDataSifter.h; sourceTree = "<group>"; };
		1D5FEF2B1A4DC65B002213A6 /* GRPDataSifter.m */ = {isa = PBXFileReference; fileEncoding = 4; lastKnownFileType = sourcecode.c.objc; path = GRPDataSifter.m; sourceTree = "<group>"; };
		1D5FEF2E1A4DC6A7002213A6 /* Grapes.xcdatamodel */ = {isa = PBXFileReference; lastKnownFileType = wrapper.xcdatamodel; path = Grapes.xcdatamodel; sourceTree = "<group>"; };
		1D5FEF331A4DC8C9002213A6 /* GRPReview.h */ = {isa = PBXFileReference; fileEncoding = 4; lastKnownFileType = sourcecode.c.h; path = GRPReview.h; sourceTree = "<group>"; };
		1D5FEF341A4DC8C9002213A6 /* GRPReview.m */ = {isa = PBXFileReference; fileEncoding = 4; lastKnownFileType = sourcecode.c.objc; path = GRPReview.m; sourceTree = "<group>"; };
		1D5FEF361A4DC8C9002213A6 /* GRPUser.h */ = {isa = PBXFileReference; fileEncoding = 4; lastKnownFileType = sourcecode.c.h; path = GRPUser.h; sourceTree = "<group>"; };
		1D5FEF371A4DC8C9002213A6 /* GRPUser.m */ = {isa = PBXFileReference; fileEncoding = 4; lastKnownFileType = sourcecode.c.objc; path = GRPUser.m; sourceTree = "<group>"; };
		1D5FEF391A4DC8E2002213A6 /* GRPUser+GRP.h */ = {isa = PBXFileReference; fileEncoding = 4; lastKnownFileType = sourcecode.c.h; path = "GRPUser+GRP.h"; sourceTree = "<group>"; };
		1D5FEF3A1A4DC8E2002213A6 /* GRPUser+GRP.m */ = {isa = PBXFileReference; fileEncoding = 4; lastKnownFileType = sourcecode.c.objc; path = "GRPUser+GRP.m"; sourceTree = "<group>"; };
		1D5FEF3C1A4DC8ED002213A6 /* GRPReview+GRP.h */ = {isa = PBXFileReference; fileEncoding = 4; lastKnownFileType = sourcecode.c.h; path = "GRPReview+GRP.h"; sourceTree = "<group>"; };
		1D5FEF3D1A4DC8ED002213A6 /* GRPReview+GRP.m */ = {isa = PBXFileReference; fileEncoding = 4; lastKnownFileType = sourcecode.c.objc; path = "GRPReview+GRP.m"; sourceTree = "<group>"; };
		1D5FEF3F1A4DC8FD002213A6 /* GRPWine+GRP.h */ = {isa = PBXFileReference; fileEncoding = 4; lastKnownFileType = sourcecode.c.h; path = "GRPWine+GRP.h"; sourceTree = "<group>"; };
		1D5FEF401A4DC8FD002213A6 /* GRPWine+GRP.m */ = {isa = PBXFileReference; fileEncoding = 4; lastKnownFileType = sourcecode.c.objc; path = "GRPWine+GRP.m"; sourceTree = "<group>"; };
		1D5FEF461A4DCB47002213A6 /* FZCDSAction+Private.h */ = {isa = PBXFileReference; fileEncoding = 4; lastKnownFileType = sourcecode.c.h; path = "FZCDSAction+Private.h"; sourceTree = "<group>"; };
		1D5FEF471A4DCB47002213A6 /* FZCDSAction.h */ = {isa = PBXFileReference; fileEncoding = 4; lastKnownFileType = sourcecode.c.h; path = FZCDSAction.h; sourceTree = "<group>"; };
		1D5FEF481A4DCB47002213A6 /* FZCDSAction.m */ = {isa = PBXFileReference; fileEncoding = 4; lastKnownFileType = sourcecode.c.objc; path = FZCDSAction.m; sourceTree = "<group>"; };
		1D5FEF491A4DCB47002213A6 /* FZCDSActionAddGlobalVariable.h */ = {isa = PBXFileReference; fileEncoding = 4; lastKnownFileType = sourcecode.c.h; path = FZCDSActionAddGlobalVariable.h; sourceTree = "<group>"; };
		1D5FEF4A1A4DCB47002213A6 /* FZCDSActionAddGlobalVariable.m */ = {isa = PBXFileReference; fileEncoding = 4; lastKnownFileType = sourcecode.c.objc; path = FZCDSActionAddGlobalVariable.m; sourceTree = "<group>"; };
		1D5FEF4B1A4DCB47002213A6 /* FZCDSActionAddHeader.h */ = {isa = PBXFileReference; fileEncoding = 4; lastKnownFileType = sourcecode.c.h; path = FZCDSActionAddHeader.h; sourceTree = "<group>"; };
		1D5FEF4C1A4DCB47002213A6 /* FZCDSActionAddHeader.m */ = {isa = PBXFileReference; fileEncoding = 4; lastKnownFileType = sourcecode.c.objc; path = FZCDSActionAddHeader.m; sourceTree = "<group>"; };
		1D5FEF4D1A4DCB47002213A6 /* FZCDSActionCreateCookie.h */ = {isa = PBXFileReference; fileEncoding = 4; lastKnownFileType = sourcecode.c.h; path = FZCDSActionCreateCookie.h; sourceTree = "<group>"; };
		1D5FEF4E1A4DCB47002213A6 /* FZCDSActionCreateCookie.m */ = {isa = PBXFileReference; fileEncoding = 4; lastKnownFileType = sourcecode.c.objc; path = FZCDSActionCreateCookie.m; sourceTree = "<group>"; };
		1D5FEF4F1A4DCB47002213A6 /* FZCDSActionRemoveAllCookies.h */ = {isa = PBXFileReference; fileEncoding = 4; lastKnownFileType = sourcecode.c.h; path = FZCDSActionRemoveAllCookies.h; sourceTree = "<group>"; };
		1D5FEF501A4DCB47002213A6 /* FZCDSActionRemoveAllCookies.m */ = {isa = PBXFileReference; fileEncoding = 4; lastKnownFileType = sourcecode.c.objc; path = FZCDSActionRemoveAllCookies.m; sourceTree = "<group>"; };
		1D5FEF511A4DCB47002213A6 /* FZCDSActionRemoveAllHeaders.h */ = {isa = PBXFileReference; fileEncoding = 4; lastKnownFileType = sourcecode.c.h; path = FZCDSActionRemoveAllHeaders.h; sourceTree = "<group>"; };
		1D5FEF521A4DCB47002213A6 /* FZCDSActionRemoveAllHeaders.m */ = {isa = PBXFileReference; fileEncoding = 4; lastKnownFileType = sourcecode.c.objc; path = FZCDSActionRemoveAllHeaders.m; sourceTree = "<group>"; };
		1D5FEF531A4DCB47002213A6 /* FZCDSActionRemoveCookie.h */ = {isa = PBXFileReference; fileEncoding = 4; lastKnownFileType = sourcecode.c.h; path = FZCDSActionRemoveCookie.h; sourceTree = "<group>"; };
		1D5FEF541A4DCB47002213A6 /* FZCDSActionRemoveCookie.m */ = {isa = PBXFileReference; fileEncoding = 4; lastKnownFileType = sourcecode.c.objc; path = FZCDSActionRemoveCookie.m; sourceTree = "<group>"; };
		1D5FEF551A4DCB47002213A6 /* FZCDSActionRemoveHeader.h */ = {isa = PBXFileReference; fileEncoding = 4; lastKnownFileType = sourcecode.c.h; path = FZCDSActionRemoveHeader.h; sourceTree = "<group>"; };
		1D5FEF561A4DCB47002213A6 /* FZCDSActionRemoveHeader.m */ = {isa = PBXFileReference; fileEncoding = 4; lastKnownFileType = sourcecode.c.objc; path = FZCDSActionRemoveHeader.m; sourceTree = "<group>"; };
		1D5FEF571A4DCB47002213A6 /* FZCDSActionSetProperty.h */ = {isa = PBXFileReference; fileEncoding = 4; lastKnownFileType = sourcecode.c.h; path = FZCDSActionSetProperty.h; sourceTree = "<group>"; };
		1D5FEF581A4DCB47002213A6 /* FZCDSActionSetProperty.m */ = {isa = PBXFileReference; fileEncoding = 4; lastKnownFileType = sourcecode.c.objc; path = FZCDSActionSetProperty.m; sourceTree = "<group>"; };
		1D5FEF5A1A4DCB47002213A6 /* FZCDSUIResponderAddition.h */ = {isa = PBXFileReference; fileEncoding = 4; lastKnownFileType = sourcecode.c.h; path = FZCDSUIResponderAddition.h; sourceTree = "<group>"; };
		1D5FEF5B1A4DCB47002213A6 /* FZCDSUIResponderAddition.m */ = {isa = PBXFileReference; fileEncoding = 4; lastKnownFileType = sourcecode.c.objc; path = FZCDSUIResponderAddition.m; sourceTree = "<group>"; };
		1D5FEF5C1A4DCB47002213A6 /* NSEntityDescription+Cache.h */ = {isa = PBXFileReference; fileEncoding = 4; lastKnownFileType = sourcecode.c.h; path = "NSEntityDescription+Cache.h"; sourceTree = "<group>"; };
		1D5FEF5D1A4DCB47002213A6 /* NSEntityDescription+Cache.m */ = {isa = PBXFileReference; fileEncoding = 4; lastKnownFileType = sourcecode.c.objc; path = "NSEntityDescription+Cache.m"; sourceTree = "<group>"; };
		1D5FEF5E1A4DCB47002213A6 /* NSEntityDescription+CombinedData.h */ = {isa = PBXFileReference; fileEncoding = 4; lastKnownFileType = sourcecode.c.h; path = "NSEntityDescription+CombinedData.h"; sourceTree = "<group>"; };
		1D5FEF5F1A4DCB47002213A6 /* NSEntityDescription+CombinedData.m */ = {isa = PBXFileReference; fileEncoding = 4; lastKnownFileType = sourcecode.c.objc; path = "NSEntityDescription+CombinedData.m"; sourceTree = "<group>"; };
		1D5FEF601A4DCB47002213A6 /* NSEntityDescription+FZCDS.h */ = {isa = PBXFileReference; fileEncoding = 4; lastKnownFileType = sourcecode.c.h; path = "NSEntityDescription+FZCDS.h"; sourceTree = "<group>"; };
		1D5FEF611A4DCB47002213A6 /* NSEntityDescription+FZCDS.m */ = {isa = PBXFileReference; fileEncoding = 4; lastKnownFileType = sourcecode.c.objc; path = "NSEntityDescription+FZCDS.m"; sourceTree = "<group>"; };
		1D5FEF621A4DCB47002213A6 /* NSManagedObject+FZCDS.h */ = {isa = PBXFileReference; fileEncoding = 4; lastKnownFileType = sourcecode.c.h; path = "NSManagedObject+FZCDS.h"; sourceTree = "<group>"; };
		1D5FEF631A4DCB47002213A6 /* NSManagedObject+FZCDS.m */ = {isa = PBXFileReference; fileEncoding = 4; lastKnownFileType = sourcecode.c.objc; path = "NSManagedObject+FZCDS.m"; sourceTree = "<group>"; };
		1D5FEF641A4DCB47002213A6 /* NSObject+AssociatedObject.h */ = {isa = PBXFileReference; fileEncoding = 4; lastKnownFileType = sourcecode.c.h; path = "NSObject+AssociatedObject.h"; sourceTree = "<group>"; };
		1D5FEF651A4DCB47002213A6 /* NSObject+AssociatedObject.m */ = {isa = PBXFileReference; fileEncoding = 4; lastKnownFileType = sourcecode.c.objc; path = "NSObject+AssociatedObject.m"; sourceTree = "<group>"; };
		1D5FEF661A4DCB47002213A6 /* NSSet+KVO.h */ = {isa = PBXFileReference; fileEncoding = 4; lastKnownFileType = sourcecode.c.h; path = "NSSet+KVO.h"; sourceTree = "<group>"; };
		1D5FEF671A4DCB47002213A6 /* NSSet+KVO.m */ = {isa = PBXFileReference; fileEncoding = 4; lastKnownFileType = sourcecode.c.objc; path = "NSSet+KVO.m"; sourceTree = "<group>"; };
		1D5FEF681A4DCB47002213A6 /* UIResponder+FZCDS.h */ = {isa = PBXFileReference; fileEncoding = 4; lastKnownFileType = sourcecode.c.h; path = "UIResponder+FZCDS.h"; sourceTree = "<group>"; };
		1D5FEF691A4DCB47002213A6 /* UIResponder+FZCDS.m */ = {isa = PBXFileReference; fileEncoding = 4; lastKnownFileType = sourcecode.c.objc; path = "UIResponder+FZCDS.m"; sourceTree = "<group>"; };
		1D5FEF6A1A4DCB47002213A6 /* UIViewController+FZCDS.h */ = {isa = PBXFileReference; fileEncoding = 4; lastKnownFileType = sourcecode.c.h; path = "UIViewController+FZCDS.h"; sourceTree = "<group>"; };
		1D5FEF6B1A4DCB47002213A6 /* UIViewController+FZCDS.m */ = {isa = PBXFileReference; fileEncoding = 4; lastKnownFileType = sourcecode.c.objc; path = "UIViewController+FZCDS.m"; sourceTree = "<group>"; };
		1D5FEF6D1A4DCB47002213A6 /* FZCDS.h */ = {isa = PBXFileReference; fileEncoding = 4; lastKnownFileType = sourcecode.c.h; path = FZCDS.h; sourceTree = "<group>"; };
		1D5FEF6E1A4DCB47002213A6 /* FZCDSCache.h */ = {isa = PBXFileReference; fileEncoding = 4; lastKnownFileType = sourcecode.c.h; path = FZCDSCache.h; sourceTree = "<group>"; };
		1D5FEF6F1A4DCB47002213A6 /* FZCDSCache.m */ = {isa = PBXFileReference; fileEncoding = 4; lastKnownFileType = sourcecode.c.objc; path = FZCDSCache.m; sourceTree = "<group>"; };
		1D5FEF701A4DCB47002213A6 /* FZCDSKeys.h */ = {isa = PBXFileReference; fileEncoding = 4; lastKnownFileType = sourcecode.c.h; path = FZCDSKeys.h; sourceTree = "<group>"; };
		1D5FEF711A4DCB47002213A6 /* FZCDSManager+ObjectOperation.h */ = {isa = PBXFileReference; fileEncoding = 4; lastKnownFileType = sourcecode.c.h; path = "FZCDSManager+ObjectOperation.h"; sourceTree = "<group>"; };
		1D5FEF721A4DCB47002213A6 /* FZCDSManager+ObjectOperation.m */ = {isa = PBXFileReference; fileEncoding = 4; lastKnownFileType = sourcecode.c.objc; path = "FZCDSManager+ObjectOperation.m"; sourceTree = "<group>"; };
		1D5FEF731A4DCB47002213A6 /* FZCDSManager+Private.h */ = {isa = PBXFileReference; fileEncoding = 4; lastKnownFileType = sourcecode.c.h; path = "FZCDSManager+Private.h"; sourceTree = "<group>"; };
		1D5FEF741A4DCB47002213A6 /* FZCDSManager+URLOperation.h */ = {isa = PBXFileReference; fileEncoding = 4; lastKnownFileType = sourcecode.c.h; path = "FZCDSManager+URLOperation.h"; sourceTree = "<group>"; };
		1D5FEF751A4DCB47002213A6 /* FZCDSManager+URLOperation.m */ = {isa = PBXFileReference; fileEncoding = 4; lastKnownFileType = sourcecode.c.objc; path = "FZCDSManager+URLOperation.m"; sourceTree = "<group>"; };
		1D5FEF761A4DCB47002213A6 /* FZCDSManager.h */ = {isa = PBXFileReference; fileEncoding = 4; lastKnownFileType = sourcecode.c.h; path = FZCDSManager.h; sourceTree = "<group>"; };
		1D5FEF771A4DCB47002213A6 /* FZCDSManager.m */ = {isa = PBXFileReference; fileEncoding = 4; lastKnownFileType = sourcecode.c.objc; path = FZCDSManager.m; sourceTree = "<group>"; };
		1D5FEF781A4DCB47002213A6 /* FZCDSTypeConverter.h */ = {isa = PBXFileReference; fileEncoding = 4; lastKnownFileType = sourcecode.c.h; path = FZCDSTypeConverter.h; sourceTree = "<group>"; };
		1D5FEF791A4DCB47002213A6 /* FZCDSTypeConverter.m */ = {isa = PBXFileReference; fileEncoding = 4; lastKnownFileType = sourcecode.c.objc; path = FZCDSTypeConverter.m; sourceTree = "<group>"; };
		1D5FEF7D1A4DCB47002213A6 /* FZCDSFetchArrayController.h */ = {isa = PBXFileReference; fileEncoding = 4; lastKnownFileType = sourcecode.c.h; path = FZCDSFetchArrayController.h; sourceTree = "<group>"; };
		1D5FEF7E1A4DCB47002213A6 /* FZCDSFetchArrayController.m */ = {isa = PBXFileReference; fileEncoding = 4; lastKnownFileType = sourcecode.c.objc; path = FZCDSFetchArrayController.m; sourceTree = "<group>"; };
		1D5FEF7F1A4DCB47002213A6 /* FZCDSFetchArrayTableViewPagingControllerDelegate.h */ = {isa = PBXFileReference; fileEncoding = 4; lastKnownFileType = sourcecode.c.h; path = FZCDSFetchArrayTableViewPagingControllerDelegate.h; sourceTree = "<group>"; };
		1D5FEF801A4DCB47002213A6 /* FZCDSFetchControllable.h */ = {isa = PBXFileReference; fileEncoding = 4; lastKnownFileType = sourcecode.c.h; path = FZCDSFetchControllable.h; sourceTree = "<group>"; };
		1D5FEF811A4DCB47002213A6 /* FZCDSFetchController+Private.h */ = {isa = PBXFileReference; fileEncoding = 4; lastKnownFileType = sourcecode.c.h; path = "FZCDSFetchController+Private.h"; sourceTree = "<group>"; };
		1D5FEF821A4DCB47002213A6 /* FZCDSFetchController.h */ = {isa = PBXFileReference; fileEncoding = 4; lastKnownFileType = sourcecode.c.h; path = FZCDSFetchController.h; sourceTree = "<group>"; };
		1D5FEF831A4DCB47002213A6 /* FZCDSFetchController.m */ = {isa = PBXFileReference; fileEncoding = 4; lastKnownFileType = sourcecode.c.objc; path = FZCDSFetchController.m; sourceTree = "<group>"; };
		1D5FEF841A4DCB47002213A6 /* FZCDSFetchControllerDelegate.h */ = {isa = PBXFileReference; fileEncoding = 4; lastKnownFileType = sourcecode.c.h; path = FZCDSFetchControllerDelegate.h; sourceTree = "<group>"; };
		1D5FEF851A4DCB47002213A6 /* FZCDSFetchObjectController.h */ = {isa = PBXFileReference; fileEncoding = 4; lastKnownFileType = sourcecode.c.h; path = FZCDSFetchObjectController.h; sourceTree = "<group>"; };
		1D5FEF861A4DCB47002213A6 /* FZCDSFetchObjectController.m */ = {isa = PBXFileReference; fileEncoding = 4; lastKnownFileType = sourcecode.c.objc; path = FZCDSFetchObjectController.m; sourceTree = "<group>"; };
		1D5FEF871A4DCB47002213A6 /* FZCDSListener.h */ = {isa = PBXFileReference; fileEncoding = 4; lastKnownFileType = sourcecode.c.h; path = FZCDSListener.h; sourceTree = "<group>"; };
		1D5FEF881A4DCB47002213A6 /* FZCDSListener.m */ = {isa = PBXFileReference; fileEncoding = 4; lastKnownFileType = sourcecode.c.objc; path = FZCDSListener.m; sourceTree = "<group>"; };
		1D5FEF891A4DCB47002213A6 /* FZCDSPagingTableViewController.h */ = {isa = PBXFileReference; fileEncoding = 4; lastKnownFileType = sourcecode.c.h; path = FZCDSPagingTableViewController.h; sourceTree = "<group>"; };
		1D5FEF8A1A4DCB47002213A6 /* FZCDSPagingTableViewController.m */ = {isa = PBXFileReference; fileEncoding = 4; lastKnownFileType = sourcecode.c.objc; path = FZCDSPagingTableViewController.m; sourceTree = "<group>"; };
		1D5FEF8B1A4DCB47002213A6 /* FZCDSTableViewController.h */ = {isa = PBXFileReference; fileEncoding = 4; lastKnownFileType = sourcecode.c.h; path = FZCDSTableViewController.h; sourceTree = "<group>"; };
		1D5FEF8C1A4DCB47002213A6 /* FZCDSTableViewController.m */ = {isa = PBXFileReference; fileEncoding = 4; lastKnownFileType = sourcecode.c.objc; path = FZCDSTableViewController.m; sourceTree = "<group>"; };
		1D5FEF8E1A4DCB47002213A6 /* FZCDSLog+Private.h */ = {isa = PBXFileReference; fileEncoding = 4; lastKnownFileType = sourcecode.c.h; path = "FZCDSLog+Private.h"; sourceTree = "<group>"; };
		1D5FEF8F1A4DCB47002213A6 /* FZCDSLog.h */ = {isa = PBXFileReference; fileEncoding = 4; lastKnownFileType = sourcecode.c.h; path = FZCDSLog.h; sourceTree = "<group>"; };
		1D5FEF901A4DCB47002213A6 /* FZCDSLog.m */ = {isa = PBXFileReference; fileEncoding = 4; lastKnownFileType = sourcecode.c.objc; path = FZCDSLog.m; sourceTree = "<group>"; };
		1D5FEF911A4DCB47002213A6 /* FZCDSLogMapping.h */ = {isa = PBXFileReference; fileEncoding = 4; lastKnownFileType = sourcecode.c.h; path = FZCDSLogMapping.h; sourceTree = "<group>"; };
		1D5FEF921A4DCB47002213A6 /* FZCDSLogMapping.m */ = {isa = PBXFileReference; fileEncoding = 4; lastKnownFileType = sourcecode.c.objc; path = FZCDSLogMapping.m; sourceTree = "<group>"; };
		1D5FEF931A4DCB47002213A6 /* FZCDSLogObject+Private.h */ = {isa = PBXFileReference; fileEncoding = 4; lastKnownFileType = sourcecode.c.h; path = "FZCDSLogObject+Private.h"; sourceTree = "<group>"; };
		1D5FEF941A4DCB47002213A6 /* FZCDSLogObject.h */ = {isa = PBXFileReference; fileEncoding = 4; lastKnownFileType = sourcecode.c.h; path = FZCDSLogObject.h; sourceTree = "<group>"; };
		1D5FEF951A4DCB47002213A6 /* FZCDSLogObject.m */ = {isa = PBXFileReference; fileEncoding = 4; lastKnownFileType = sourcecode.c.objc; path = FZCDSLogObject.m; sourceTree = "<group>"; };
		1D5FEF961A4DCB47002213A6 /* FZCDSLogOperation+Private.h */ = {isa = PBXFileReference; fileEncoding = 4; lastKnownFileType = sourcecode.c.h; path = "FZCDSLogOperation+Private.h"; sourceTree = "<group>"; };
		1D5FEF971A4DCB47002213A6 /* FZCDSLogOperation.h */ = {isa = PBXFileReference; fileEncoding = 4; lastKnownFileType = sourcecode.c.h; path = FZCDSLogOperation.h; sourceTree = "<group>"; };
		1D5FEF981A4DCB47002213A6 /* FZCDSLogOperation.m */ = {isa = PBXFileReference; fileEncoding = 4; lastKnownFileType = sourcecode.c.objc; path = FZCDSLogOperation.m; sourceTree = "<group>"; };
		1D5FEF9A1A4DCB47002213A6 /* FZCDSFetchObjectOperation.h */ = {isa = PBXFileReference; fileEncoding = 4; lastKnownFileType = sourcecode.c.h; path = FZCDSFetchObjectOperation.h; sourceTree = "<group>"; };
		1D5FEF9B1A4DCB47002213A6 /* FZCDSFetchObjectOperation.m */ = {isa = PBXFileReference; fileEncoding = 4; lastKnownFileType = sourcecode.c.objc; path = FZCDSFetchObjectOperation.m; sourceTree = "<group>"; };
		1D5FEF9C1A4DCB47002213A6 /* FZCDSFetchOperation+Private.h */ = {isa = PBXFileReference; fileEncoding = 4; lastKnownFileType = sourcecode.c.h; path = "FZCDSFetchOperation+Private.h"; sourceTree = "<group>"; };
		1D5FEF9D1A4DCB47002213A6 /* FZCDSFetchOperation.h */ = {isa = PBXFileReference; fileEncoding = 4; lastKnownFileType = sourcecode.c.h; path = FZCDSFetchOperation.h; sourceTree = "<group>"; };
		1D5FEF9E1A4DCB47002213A6 /* FZCDSFetchOperation.m */ = {isa = PBXFileReference; fileEncoding = 4; lastKnownFileType = sourcecode.c.objc; path = FZCDSFetchOperation.m; sourceTree = "<group>"; };
		1D5FEF9F1A4DCB47002213A6 /* FZCDSFetchRelationshipOperation.h */ = {isa = PBXFileReference; fileEncoding = 4; lastKnownFileType = sourcecode.c.h; path = FZCDSFetchRelationshipOperation.h; sourceTree = "<group>"; };
		1D5FEFA01A4DCB47002213A6 /* FZCDSFetchRelationshipOperation.m */ = {isa = PBXFileReference; fileEncoding = 4; lastKnownFileType = sourcecode.c.objc; path = FZCDSFetchRelationshipOperation.m; sourceTree = "<group>"; };
		1D5FEFA11A4DCB47002213A6 /* FZCDSURLOperation+Private.h */ = {isa = PBXFileReference; fileEncoding = 4; lastKnownFileType = sourcecode.c.h; path = "FZCDSURLOperation+Private.h"; sourceTree = "<group>"; };
		1D5FEFA21A4DCB47002213A6 /* FZCDSURLOperation.h */ = {isa = PBXFileReference; fileEncoding = 4; lastKnownFileType = sourcecode.c.h; path = FZCDSURLOperation.h; sourceTree = "<group>"; };
		1D5FEFA31A4DCB47002213A6 /* FZCDSURLOperation.m */ = {isa = PBXFileReference; fileEncoding = 4; lastKnownFileType = sourcecode.c.objc; path = FZCDSURLOperation.m; sourceTree = "<group>"; };
		1D5FEFA51A4DCB47002213A6 /* FZCDSTestSupport.h */ = {isa = PBXFileReference; fileEncoding = 4; lastKnownFileType = sourcecode.c.h; path = FZCDSTestSupport.h; sourceTree = "<group>"; };
		1D5FEFA61A4DCB47002213A6 /* FZCDSTestSupport.m */ = {isa = PBXFileReference; fileEncoding = 4; lastKnownFileType = sourcecode.c.objc; path = FZCDSTestSupport.m; sourceTree = "<group>"; };
		1D5FEFCF1A4DCB5D002213A6 /* FZTableViewDelegate+Private.h */ = {isa = PBXFileReference; fileEncoding = 4; lastKnownFileType = sourcecode.c.h; path = "FZTableViewDelegate+Private.h"; sourceTree = "<group>"; };
		1D5FEFD01A4DCB5D002213A6 /* FZTableViewDelegate+Private.m */ = {isa = PBXFileReference; fileEncoding = 4; lastKnownFileType = sourcecode.c.objc; path = "FZTableViewDelegate+Private.m"; sourceTree = "<group>"; };
		1D5FEFD11A4DCB5D002213A6 /* FZTableViewDelegate.h */ = {isa = PBXFileReference; fileEncoding = 4; lastKnownFileType = sourcecode.c.h; path = FZTableViewDelegate.h; sourceTree = "<group>"; };
		1D5FEFD21A4DCB5D002213A6 /* FZTableViewDelegate.m */ = {isa = PBXFileReference; fileEncoding = 4; lastKnownFileType = sourcecode.c.objc; path = FZTableViewDelegate.m; sourceTree = "<group>"; };
		1D5FEFD61A4DCB6E002213A6 /* FZViewModelBuilders.h */ = {isa = PBXFileReference; fileEncoding = 4; lastKnownFileType = sourcecode.c.h; path = FZViewModelBuilders.h; sourceTree = "<group>"; };
		1D5FEFD71A4DCB6E002213A6 /* FZViewModelBuildingBlocks.h */ = {isa = PBXFileReference; fileEncoding = 4; lastKnownFileType = sourcecode.c.h; path = FZViewModelBuildingBlocks.h; sourceTree = "<group>"; };
		1D5FEFD91A4DCB6E002213A6 /* FZViewModelBuilder.h */ = {isa = PBXFileReference; fileEncoding = 4; lastKnownFileType = sourcecode.c.h; path = FZViewModelBuilder.h; sourceTree = "<group>"; };
		1D5FEFDA1A4DCB6E002213A6 /* FZViewModelBuilder.m */ = {isa = PBXFileReference; fileEncoding = 4; lastKnownFileType = sourcecode.c.objc; path = FZViewModelBuilder.m; sourceTree = "<group>"; };
		1D5FEFDB1A4DCB6E002213A6 /* FZViewModelBuilderAbstractGrouped.h */ = {isa = PBXFileReference; fileEncoding = 4; lastKnownFileType = sourcecode.c.h; path = FZViewModelBuilderAbstractGrouped.h; sourceTree = "<group>"; };
		1D5FEFDC1A4DCB6E002213A6 /* FZViewModelBuilderAbstractGrouped.m */ = {isa = PBXFileReference; fileEncoding = 4; lastKnownFileType = sourcecode.c.objc; path = FZViewModelBuilderAbstractGrouped.m; sourceTree = "<group>"; };
		1D5FEFDD1A4DCB6E002213A6 /* FZViewModelBuilderGroupedByBlock.h */ = {isa = PBXFileReference; fileEncoding = 4; lastKnownFileType = sourcecode.c.h; path = FZViewModelBuilderGroupedByBlock.h; sourceTree = "<group>"; };
		1D5FEFDE1A4DCB6E002213A6 /* FZViewModelBuilderGroupedByBlock.m */ = {isa = PBXFileReference; fileEncoding = 4; lastKnownFileType = sourcecode.c.objc; path = FZViewModelBuilderGroupedByBlock.m; sourceTree = "<group>"; };
		1D5FEFDF1A4DCB6E002213A6 /* FZViewModelBuilderGroupedByFirstLetter.h */ = {isa = PBXFileReference; fileEncoding = 4; lastKnownFileType = sourcecode.c.h; path = FZViewModelBuilderGroupedByFirstLetter.h; sourceTree = "<group>"; };
		1D5FEFE01A4DCB6E002213A6 /* FZViewModelBuilderGroupedByFirstLetter.m */ = {isa = PBXFileReference; fileEncoding = 4; lastKnownFileType = sourcecode.c.objc; path = FZViewModelBuilderGroupedByFirstLetter.m; sourceTree = "<group>"; };
		1D5FEFE11A4DCB6E002213A6 /* FZViewModelBuilderGroupedByKeyPath.h */ = {isa = PBXFileReference; fileEncoding = 4; lastKnownFileType = sourcecode.c.h; path = FZViewModelBuilderGroupedByKeyPath.h; sourceTree = "<group>"; };
		1D5FEFE21A4DCB6E002213A6 /* FZViewModelBuilderGroupedByKeyPath.m */ = {isa = PBXFileReference; fileEncoding = 4; lastKnownFileType = sourcecode.c.objc; path = FZViewModelBuilderGroupedByKeyPath.m; sourceTree = "<group>"; };
		1D5FEFE31A4DCB6E002213A6 /* FZViewModelBuilderGroupedByKeyPathEchoing.h */ = {isa = PBXFileReference; fileEncoding = 4; lastKnownFileType = sourcecode.c.h; path = FZViewModelBuilderGroupedByKeyPathEchoing.h; sourceTree = "<group>"; };
		1D5FEFE41A4DCB6E002213A6 /* FZViewModelBuilderGroupedByKeyPathEchoing.m */ = {isa = PBXFileReference; fileEncoding = 4; lastKnownFileType = sourcecode.c.objc; path = FZViewModelBuilderGroupedByKeyPathEchoing.m; sourceTree = "<group>"; };
		1D5FEFE51A4DCB6E002213A6 /* FZViewModelBuilderGroupSquashing.h */ = {isa = PBXFileReference; fileEncoding = 4; lastKnownFileType = sourcecode.c.h; path = FZViewModelBuilderGroupSquashing.h; sourceTree = "<group>"; };
		1D5FEFE61A4DCB6E002213A6 /* FZViewModelBuilderGroupSquashing.m */ = {isa = PBXFileReference; fileEncoding = 4; lastKnownFileType = sourcecode.c.objc; path = FZViewModelBuilderGroupSquashing.m; sourceTree = "<group>"; };
		1D5FEFE71A4DCB6E002213A6 /* FZViewModelBuilderNestedBuilders.h */ = {isa = PBXFileReference; fileEncoding = 4; lastKnownFileType = sourcecode.c.h; path = FZViewModelBuilderNestedBuilders.h; sourceTree = "<group>"; };
		1D5FEFE81A4DCB6E002213A6 /* FZViewModelBuilderNestedBuilders.m */ = {isa = PBXFileReference; fileEncoding = 4; lastKnownFileType = sourcecode.c.objc; path = FZViewModelBuilderNestedBuilders.m; sourceTree = "<group>"; };
		1D5FEFEA1A4DCB6E002213A6 /* FZCellViewModel.h */ = {isa = PBXFileReference; fileEncoding = 4; lastKnownFileType = sourcecode.c.h; path = FZCellViewModel.h; sourceTree = "<group>"; };
		1D5FEFEB1A4DCB6E002213A6 /* FZCellViewModel.m */ = {isa = PBXFileReference; fileEncoding = 4; lastKnownFileType = sourcecode.c.objc; path = FZCellViewModel.m; sourceTree = "<group>"; };
		1D5FEFEC1A4DCB6E002213A6 /* FZCollectionViewCellViewModel.h */ = {isa = PBXFileReference; fileEncoding = 4; lastKnownFileType = sourcecode.c.h; path = FZCollectionViewCellViewModel.h; sourceTree = "<group>"; };
		1D5FEFED1A4DCB6E002213A6 /* FZCollectionViewCellViewModel.m */ = {isa = PBXFileReference; fileEncoding = 4; lastKnownFileType = sourcecode.c.objc; path = FZCollectionViewCellViewModel.m; sourceTree = "<group>"; };
		1D5FEFEE1A4DCB6E002213A6 /* FZTableViewCellViewModel.h */ = {isa = PBXFileReference; fileEncoding = 4; lastKnownFileType = sourcecode.c.h; path = FZTableViewCellViewModel.h; sourceTree = "<group>"; };
		1D5FEFEF1A4DCB6E002213A6 /* FZTableViewCellViewModel.m */ = {isa = PBXFileReference; fileEncoding = 4; lastKnownFileType = sourcecode.c.objc; path = FZTableViewCellViewModel.m; sourceTree = "<group>"; };
		1D5FEFF01A4DCB6E002213A6 /* FZTableViewSectionModel.h */ = {isa = PBXFileReference; fileEncoding = 4; lastKnownFileType = sourcecode.c.h; path = FZTableViewSectionModel.h; sourceTree = "<group>"; };
		1D5FEFF11A4DCB6E002213A6 /* FZTableViewSectionModel.m */ = {isa = PBXFileReference; fileEncoding = 4; lastKnownFileType = sourcecode.c.objc; path = FZTableViewSectionModel.m; sourceTree = "<group>"; };
		1D5FEFF21A4DCB6E002213A6 /* FZViewModel.h */ = {isa = PBXFileReference; fileEncoding = 4; lastKnownFileType = sourcecode.c.h; path = FZViewModel.h; sourceTree = "<group>"; };
		1D5FEFF31A4DCB6E002213A6 /* FZViewModel.m */ = {isa = PBXFileReference; fileEncoding = 4; lastKnownFileType = sourcecode.c.objc; path = FZViewModel.m; sourceTree = "<group>"; };
		1D5FF0011A4DCBEA002213A6 /* FZCDSCollectionController.h */ = {isa = PBXFileReference; fileEncoding = 4; lastKnownFileType = sourcecode.c.h; path = FZCDSCollectionController.h; sourceTree = "<group>"; };
		1D5FF0021A4DCBEA002213A6 /* FZCDSCollectionController.m */ = {isa = PBXFileReference; fileEncoding = 4; lastKnownFileType = sourcecode.c.objc; path = FZCDSCollectionController.m; sourceTree = "<group>"; };
		1D5FF0041A4DCC93002213A6 /* NSError+FZCDS.h */ = {isa = PBXFileReference; fileEncoding = 4; lastKnownFileType = sourcecode.c.h; path = "NSError+FZCDS.h"; sourceTree = "<group>"; };
		1D5FF0051A4DCC93002213A6 /* NSError+FZCDS.m */ = {isa = PBXFileReference; fileEncoding = 4; lastKnownFileType = sourcecode.c.objc; path = "NSError+FZCDS.m"; sourceTree = "<group>"; };
		1D5FF0071A4DCD55002213A6 /* GRPUserHandler.h */ = {isa = PBXFileReference; fileEncoding = 4; lastKnownFileType = sourcecode.c.h; path = GRPUserHandler.h; sourceTree = "<group>"; };
		1D5FF0081A4DCD55002213A6 /* GRPUserHandler.m */ = {isa = PBXFileReference; fileEncoding = 4; lastKnownFileType = sourcecode.c.objc; path = GRPUserHandler.m; sourceTree = "<group>"; };
		1D5FF00A1A4DD487002213A6 /* GRPWine.h */ = {isa = PBXFileReference; fileEncoding = 4; lastKnownFileType = sourcecode.c.h; path = GRPWine.h; sourceTree = "<group>"; };
		1D5FF00B1A4DD487002213A6 /* GRPWine.m */ = {isa = PBXFileReference; fileEncoding = 4; lastKnownFileType = sourcecode.c.objc; path = GRPWine.m; sourceTree = "<group>"; };
		1DF5C4B719BCDC820064209C /* GRPReviewDetailsViewController.h */ = {isa = PBXFileReference; fileEncoding = 4; lastKnownFileType = sourcecode.c.h; path = GRPReviewDetailsViewController.h; sourceTree = "<group>"; };
		1DF5C4B819BCDC820064209C /* GRPReviewDetailsViewController.m */ = {isa = PBXFileReference; fileEncoding = 4; lastKnownFileType = sourcecode.c.objc; path = GRPReviewDetailsViewController.m; sourceTree = "<group>"; };
		1DF5C4BA19BCDEE80064209C /* GRPViewControllerFactory.h */ = {isa = PBXFileReference; fileEncoding = 4; lastKnownFileType = sourcecode.c.h; path = GRPViewControllerFactory.h; sourceTree = "<group>"; };
		1DF5C4BB19BCDEE80064209C /* GRPViewControllerFactory.m */ = {isa = PBXFileReference; fileEncoding = 4; lastKnownFileType = sourcecode.c.objc; path = GRPViewControllerFactory.m; sourceTree = "<group>"; };
		1DFC7A8A1A4DE27A00646F1A /* NSDate+GRP.h */ = {isa = PBXFileReference; fileEncoding = 4; lastKnownFileType = sourcecode.c.h; path = "NSDate+GRP.h"; sourceTree = "<group>"; };
		1DFC7A8B1A4DE27A00646F1A /* NSDate+GRP.m */ = {isa = PBXFileReference; fileEncoding = 4; lastKnownFileType = sourcecode.c.objc; path = "NSDate+GRP.m"; sourceTree = "<group>"; };
		1DFC7A8E1A4DE5CC00646F1A /* GRPAdjustableTextFieldTableViewCell.h */ = {isa = PBXFileReference; fileEncoding = 4; lastKnownFileType = sourcecode.c.h; path = GRPAdjustableTextFieldTableViewCell.h; sourceTree = "<group>"; };
		1DFC7A8F1A4DE5CC00646F1A /* GRPAdjustableTextFieldTableViewCell.m */ = {isa = PBXFileReference; fileEncoding = 4; lastKnownFileType = sourcecode.c.objc; path = GRPAdjustableTextFieldTableViewCell.m; sourceTree = "<group>"; };
		1DFC7A911A4DE5F900646F1A /* GRPEditableTableViewCell.h */ = {isa = PBXFileReference; fileEncoding = 4; lastKnownFileType = sourcecode.c.h; path = GRPEditableTableViewCell.h; sourceTree = SOURCE_ROOT; };
		1DFC7A921A4DEAE800646F1A /* GRPTableView.h */ = {isa = PBXFileReference; fileEncoding = 4; lastKnownFileType = sourcecode.c.h; path = GRPTableView.h; sourceTree = "<group>"; };
		1DFC7A931A4DEAE800646F1A /* GRPTableView.m */ = {isa = PBXFileReference; fileEncoding = 4; lastKnownFileType = sourcecode.c.objc; path = GRPTableView.m; sourceTree = "<group>"; };
		1DFC7A951A4DEB0600646F1A /* GRPTableViewCell.h */ = {isa = PBXFileReference; fileEncoding = 4; lastKnownFileType = sourcecode.c.h; path = GRPTableViewCell.h; sourceTree = "<group>"; };
		1DFC7A961A4DEB0600646F1A /* GRPTableViewCell.m */ = {isa = PBXFileReference; fileEncoding = 4; lastKnownFileType = sourcecode.c.objc; path = GRPTableViewCell.m; sourceTree = "<group>"; };
		1DFC7A991A4DEF2000646F1A /* FZKeyboardAppearanceEventResponder.h */ = {isa = PBXFileReference; fileEncoding = 4; lastKnownFileType = sourcecode.c.h; path = FZKeyboardAppearanceEventResponder.h; sourceTree = "<group>"; };
		1DFC7A9A1A4DEF2000646F1A /* FZKeyboardAppearanceEventResponder.m */ = {isa = PBXFileReference; fileEncoding = 4; lastKnownFileType = sourcecode.c.objc; path = FZKeyboardAppearanceEventResponder.m; sourceTree = "<group>"; };
		1DFC7A9C1A4DEF4900646F1A /* GRPKeyboardMediator.h */ = {isa = PBXFileReference; fileEncoding = 4; lastKnownFileType = sourcecode.c.h; path = GRPKeyboardMediator.h; sourceTree = "<group>"; };
		1DFC7A9D1A4DEF4900646F1A /* GRPKeyboardMediator.m */ = {isa = PBXFileReference; fileEncoding = 4; lastKnownFileType = sourcecode.c.objc; path = GRPKeyboardMediator.m; sourceTree = "<group>"; };
		1DFC7A9F1A4DF6B900646F1A /* GRPKeyboardAttachementView.h */ = {isa = PBXFileReference; fileEncoding = 4; lastKnownFileType = sourcecode.c.h; path = GRPKeyboardAttachementView.h; sourceTree = "<group>"; };
		1DFC7AA01A4DF6B900646F1A /* GRPKeyboardAttachmentView.m */ = {isa = PBXFileReference; fileEncoding = 4; lastKnownFileType = sourcecode.c.objc; path = GRPKeyboardAttachmentView.m; sourceTree = "<group>"; };
		1DFC7AA31A4E045700646F1A /* FZMessagesView.h */ = {isa = PBXFileReference; fileEncoding = 4; lastKnownFileType = sourcecode.c.h; path = FZMessagesView.h; sourceTree = "<group>"; };
		1DFC7AA41A4E045700646F1A /* FZMessagesView.m */ = {isa = PBXFileReference; fileEncoding = 4; lastKnownFileType = sourcecode.c.objc; path = FZMessagesView.m; sourceTree = "<group>"; };
		1DFC7AA51A4E045700646F1A /* FZMessagesView.xib */ = {isa = PBXFileReference; fileEncoding = 4; lastKnownFileType = file.xib; path = FZMessagesView.xib; sourceTree = "<group>"; };
		1DFC7AA61A4E045700646F1A /* FZMessagesViewMediator.h */ = {isa = PBXFileReference; fileEncoding = 4; lastKnownFileType = sourcecode.c.h; path = FZMessagesViewMediator.h; sourceTree = "<group>"; };
		1DFC7AA71A4E045700646F1A /* FZMessagesViewMediator.m */ = {isa = PBXFileReference; fileEncoding = 4; lastKnownFileType = sourcecode.c.objc; path = FZMessagesViewMediator.m; sourceTree = "<group>"; };
		4FFA90DC186782D4003E2791 /* Grapes.app */ = {isa = PBXFileReference; explicitFileType = wrapper.application; includeInIndex = 0; path = Grapes.app; sourceTree = BUILT_PRODUCTS_DIR; };
		4FFA90DF186782D4003E2791 /* Foundation.framework */ = {isa = PBXFileReference; lastKnownFileType = wrapper.framework; name = Foundation.framework; path = System/Library/Frameworks/Foundation.framework; sourceTree = SDKROOT; };
		4FFA90E1186782D4003E2791 /* CoreGraphics.framework */ = {isa = PBXFileReference; lastKnownFileType = wrapper.framework; name = CoreGraphics.framework; path = System/Library/Frameworks/CoreGraphics.framework; sourceTree = SDKROOT; };
		4FFA90E3186782D4003E2791 /* UIKit.framework */ = {isa = PBXFileReference; lastKnownFileType = wrapper.framework; name = UIKit.framework; path = System/Library/Frameworks/UIKit.framework; sourceTree = SDKROOT; };
		4FFA90E7186782D4003E2791 /* Grapes-Info.plist */ = {isa = PBXFileReference; lastKnownFileType = text.plist.xml; path = "Grapes-Info.plist"; sourceTree = "<group>"; };
		4FFA90E9186782D4003E2791 /* en */ = {isa = PBXFileReference; lastKnownFileType = text.plist.strings; name = en; path = en.lproj/InfoPlist.strings; sourceTree = "<group>"; };
		4FFA90EB186782D4003E2791 /* main.m */ = {isa = PBXFileReference; lastKnownFileType = sourcecode.c.objc; path = main.m; sourceTree = "<group>"; };
		4FFA90ED186782D4003E2791 /* Grapes-Prefix.pch */ = {isa = PBXFileReference; lastKnownFileType = sourcecode.c.h; path = "Grapes-Prefix.pch"; sourceTree = "<group>"; };
		4FFA90EE186782D4003E2791 /* GRPAppDelegate.h */ = {isa = PBXFileReference; lastKnownFileType = sourcecode.c.h; path = GRPAppDelegate.h; sourceTree = "<group>"; };
		4FFA90EF186782D4003E2791 /* GRPAppDelegate.m */ = {isa = PBXFileReference; lastKnownFileType = sourcecode.c.objc; path = GRPAppDelegate.m; sourceTree = "<group>"; };
		4FFA90F7186782D4003E2791 /* Images.xcassets */ = {isa = PBXFileReference; lastKnownFileType = folder.assetcatalog; path = Images.xcassets; sourceTree = "<group>"; };
		4FFA90FD186782D4003E2791 /* GrapesTests.xctest */ = {isa = PBXFileReference; explicitFileType = wrapper.cfbundle; includeInIndex = 0; path = GrapesTests.xctest; sourceTree = BUILT_PRODUCTS_DIR; };
		4FFA90FE186782D4003E2791 /* XCTest.framework */ = {isa = PBXFileReference; lastKnownFileType = wrapper.framework; name = XCTest.framework; path = Library/Frameworks/XCTest.framework; sourceTree = DEVELOPER_DIR; };
		4FFA9106186782D4003E2791 /* GrapesTests-Info.plist */ = {isa = PBXFileReference; lastKnownFileType = text.plist.xml; path = "GrapesTests-Info.plist"; sourceTree = "<group>"; };
		4FFA9108186782D4003E2791 /* en */ = {isa = PBXFileReference; lastKnownFileType = text.plist.strings; name = en; path = en.lproj/InfoPlist.strings; sourceTree = "<group>"; };
		4FFA910A186782D4003E2791 /* GrapesTests.m */ = {isa = PBXFileReference; lastKnownFileType = sourcecode.c.objc; path = GrapesTests.m; sourceTree = "<group>"; };
		4FFA911D18678552003E2791 /* WineList.storyboard */ = {isa = PBXFileReference; fileEncoding = 4; lastKnownFileType = file.storyboard; path = WineList.storyboard; sourceTree = "<group>"; };
		4FFA912618678640003E2791 /* GRPReviewListViewController.h */ = {isa = PBXFileReference; fileEncoding = 4; lastKnownFileType = sourcecode.c.h; path = GRPReviewListViewController.h; sourceTree = "<group>"; };
		4FFA912718678640003E2791 /* GRPReviewListViewController.m */ = {isa = PBXFileReference; fileEncoding = 4; lastKnownFileType = sourcecode.c.objc; path = GRPReviewListViewController.m; sourceTree = "<group>"; };
		4FFA912C18678993003E2791 /* GRPReviewTableViewCell.h */ = {isa = PBXFileReference; fileEncoding = 4; lastKnownFileType = sourcecode.c.h; path = GRPReviewTableViewCell.h; sourceTree = "<group>"; };
		4FFA912D18678993003E2791 /* GRPReviewTableViewCell.m */ = {isa = PBXFileReference; fileEncoding = 4; lastKnownFileType = sourcecode.c.objc; path = GRPReviewTableViewCell.m; sourceTree = "<group>"; };
		4FFA913218678F15003E2791 /* UIColor+GRP.h */ = {isa = PBXFileReference; fileEncoding = 4; lastKnownFileType = sourcecode.c.h; path = "UIColor+GRP.h"; sourceTree = "<group>"; };
		4FFA913318678F15003E2791 /* UIColor+GRP.m */ = {isa = PBXFileReference; fileEncoding = 4; lastKnownFileType = sourcecode.c.objc; path = "UIColor+GRP.m"; sourceTree = "<group>"; };
		4FFA913518678F2B003E2791 /* GRPAppearanceHandler.h */ = {isa = PBXFileReference; fileEncoding = 4; lastKnownFileType = sourcecode.c.h; path = GRPAppearanceHandler.h; sourceTree = "<group>"; };
		4FFA913618678F2B003E2791 /* GRPAppearanceHandler.m */ = {isa = PBXFileReference; fileEncoding = 4; lastKnownFileType = sourcecode.c.objc; path = GRPAppearanceHandler.m; sourceTree = "<group>"; };
		4FFA91391867A5C3003E2791 /* GRPWineImageView.h */ = {isa = PBXFileReference; fileEncoding = 4; lastKnownFileType = sourcecode.c.h; path = GRPWineImageView.h; sourceTree = "<group>"; };
		4FFA913A1867A5C3003E2791 /* GRPWineImageView.m */ = {isa = PBXFileReference; fileEncoding = 4; lastKnownFileType = sourcecode.c.objc; path = GRPWineImageView.m; sourceTree = "<group>"; };
		4FFA913C1867A867003E2791 /* GRPRatingView.h */ = {isa = PBXFileReference; fileEncoding = 4; lastKnownFileType = sourcecode.c.h; path = GRPRatingView.h; sourceTree = "<group>"; };
		4FFA913D1867A867003E2791 /* GRPRatingView.m */ = {isa = PBXFileReference; fileEncoding = 4; lastKnownFileType = sourcecode.c.objc; path = GRPRatingView.m; sourceTree = "<group>"; };
		547DCD5749C63D328162BDA0 /* Pods-Grapes.debug.xcconfig */ = {isa = PBXFileReference; includeInIndex = 1; lastKnownFileType = text.xcconfig; name = "Pods-Grapes.debug.xcconfig"; path = "Pods/Target Support Files/Pods-Grapes/Pods-Grapes.debug.xcconfig"; sourceTree = "<group>"; };
		69E66F739DA1D28814E196D4 /* Pods-Grapes.release.xcconfig */ = {isa = PBXFileReference; includeInIndex = 1; lastKnownFileType = text.xcconfig; name = "Pods-Grapes.release.xcconfig"; path = "Pods/Target Support Files/Pods-Grapes/Pods-Grapes.release.xcconfig"; sourceTree = "<group>"; };
		AA8F471BE6B6D8045422EAA1 /* libPods-Grapes.a */ = {isa = PBXFileReference; explicitFileType = archive.ar; includeInIndex = 0; path = "libPods-Grapes.a"; sourceTree = BUILT_PRODUCTS_DIR; };
/* End PBXFileReference section */

/* Begin PBXFrameworksBuildPhase section */
		4FFA90D9186782D4003E2791 /* Frameworks */ = {
			isa = PBXFrameworksBuildPhase;
			buildActionMask = 2147483647;
			files = (
				4FFA90E2186782D4003E2791 /* CoreGraphics.framework in Frameworks */,
				4FFA90E4186782D4003E2791 /* UIKit.framework in Frameworks */,
				4FFA90E0186782D4003E2791 /* Foundation.framework in Frameworks */,
				36B9678AF9CE028350BF237E /* libPods-Grapes.a in Frameworks */,
			);
			runOnlyForDeploymentPostprocessing = 0;
		};
		4FFA90FA186782D4003E2791 /* Frameworks */ = {
			isa = PBXFrameworksBuildPhase;
			buildActionMask = 2147483647;
			files = (
				4FFA90FF186782D4003E2791 /* XCTest.framework in Frameworks */,
				4FFA9101186782D4003E2791 /* UIKit.framework in Frameworks */,
				4FFA9100186782D4003E2791 /* Foundation.framework in Frameworks */,
			);
			runOnlyForDeploymentPostprocessing = 0;
		};
/* End PBXFrameworksBuildPhase section */

/* Begin PBXGroup section */
		1D5FEF421A4DC902002213A6 /* Base Models */ = {
			isa = PBXGroup;
			children = (
				1D5FEF361A4DC8C9002213A6 /* GRPUser.h */,
				1D5FEF371A4DC8C9002213A6 /* GRPUser.m */,
				1D5FEF331A4DC8C9002213A6 /* GRPReview.h */,
				1D5FEF341A4DC8C9002213A6 /* GRPReview.m */,
				1D5FF00A1A4DD487002213A6 /* GRPWine.h */,
				1D5FF00B1A4DD487002213A6 /* GRPWine.m */,
			);
			name = "Base Models";
			sourceTree = "<group>";
		};
		1D5FEF431A4DCB1D002213A6 /* Libraries */ = {
			isa = PBXGroup;
			children = (
				1DFC7AA21A4E045700646F1A /* FZMessagesView */,
				1DFC7A981A4DEF2000646F1A /* FZKeyboardAppearanceEventRespond */,
				1D5FEFD51A4DCB6E002213A6 /* FZViewModelBuilders */,
				1D5FEFCE1A4DCB5D002213A6 /* FZTableViewDelegate */,
				1D5FEF441A4DCB47002213A6 /* FZCDS */,
			);
			name = Libraries;
			sourceTree = "<group>";
		};
		1D5FEF441A4DCB47002213A6 /* FZCDS */ = {
			isa = PBXGroup;
			children = (
				1D5FEF451A4DCB47002213A6 /* Actions */,
				1D5FEF591A4DCB47002213A6 /* Categories */,
				1D5FEF6C1A4DCB47002213A6 /* Core */,
				1D5FEF7A1A4DCB47002213A6 /* Fetch Controllers */,
				1D5FEF8D1A4DCB47002213A6 /* Log */,
				1D5FEF991A4DCB47002213A6 /* Operations */,
				1D5FEFA41A4DCB47002213A6 /* Tests */,
			);
			name = FZCDS;
			path = Libraries/FZCDS/Framework;
			sourceTree = "<group>";
		};
		1D5FEF451A4DCB47002213A6 /* Actions */ = {
			isa = PBXGroup;
			children = (
				1D5FEF461A4DCB47002213A6 /* FZCDSAction+Private.h */,
				1D5FEF471A4DCB47002213A6 /* FZCDSAction.h */,
				1D5FEF481A4DCB47002213A6 /* FZCDSAction.m */,
				1D5FEF491A4DCB47002213A6 /* FZCDSActionAddGlobalVariable.h */,
				1D5FEF4A1A4DCB47002213A6 /* FZCDSActionAddGlobalVariable.m */,
				1D5FEF4B1A4DCB47002213A6 /* FZCDSActionAddHeader.h */,
				1D5FEF4C1A4DCB47002213A6 /* FZCDSActionAddHeader.m */,
				1D5FEF4D1A4DCB47002213A6 /* FZCDSActionCreateCookie.h */,
				1D5FEF4E1A4DCB47002213A6 /* FZCDSActionCreateCookie.m */,
				1D5FEF4F1A4DCB47002213A6 /* FZCDSActionRemoveAllCookies.h */,
				1D5FEF501A4DCB47002213A6 /* FZCDSActionRemoveAllCookies.m */,
				1D5FEF511A4DCB47002213A6 /* FZCDSActionRemoveAllHeaders.h */,
				1D5FEF521A4DCB47002213A6 /* FZCDSActionRemoveAllHeaders.m */,
				1D5FEF531A4DCB47002213A6 /* FZCDSActionRemoveCookie.h */,
				1D5FEF541A4DCB47002213A6 /* FZCDSActionRemoveCookie.m */,
				1D5FEF551A4DCB47002213A6 /* FZCDSActionRemoveHeader.h */,
				1D5FEF561A4DCB47002213A6 /* FZCDSActionRemoveHeader.m */,
				1D5FEF571A4DCB47002213A6 /* FZCDSActionSetProperty.h */,
				1D5FEF581A4DCB47002213A6 /* FZCDSActionSetProperty.m */,
			);
			path = Actions;
			sourceTree = "<group>";
		};
		1D5FEF591A4DCB47002213A6 /* Categories */ = {
			isa = PBXGroup;
			children = (
				1D5FF0041A4DCC93002213A6 /* NSError+FZCDS.h */,
				1D5FF0051A4DCC93002213A6 /* NSError+FZCDS.m */,
				1D5FEF5A1A4DCB47002213A6 /* FZCDSUIResponderAddition.h */,
				1D5FEF5B1A4DCB47002213A6 /* FZCDSUIResponderAddition.m */,
				1D5FEF5C1A4DCB47002213A6 /* NSEntityDescription+Cache.h */,
				1D5FEF5D1A4DCB47002213A6 /* NSEntityDescription+Cache.m */,
				1D5FEF5E1A4DCB47002213A6 /* NSEntityDescription+CombinedData.h */,
				1D5FEF5F1A4DCB47002213A6 /* NSEntityDescription+CombinedData.m */,
				1D5FEF601A4DCB47002213A6 /* NSEntityDescription+FZCDS.h */,
				1D5FEF611A4DCB47002213A6 /* NSEntityDescription+FZCDS.m */,
				1D5FEF621A4DCB47002213A6 /* NSManagedObject+FZCDS.h */,
				1D5FEF631A4DCB47002213A6 /* NSManagedObject+FZCDS.m */,
				1D5FEF641A4DCB47002213A6 /* NSObject+AssociatedObject.h */,
				1D5FEF651A4DCB47002213A6 /* NSObject+AssociatedObject.m */,
				1D5FEF661A4DCB47002213A6 /* NSSet+KVO.h */,
				1D5FEF671A4DCB47002213A6 /* NSSet+KVO.m */,
				1D5FEF681A4DCB47002213A6 /* UIResponder+FZCDS.h */,
				1D5FEF691A4DCB47002213A6 /* UIResponder+FZCDS.m */,
				1D5FEF6A1A4DCB47002213A6 /* UIViewController+FZCDS.h */,
				1D5FEF6B1A4DCB47002213A6 /* UIViewController+FZCDS.m */,
			);
			path = Categories;
			sourceTree = "<group>";
		};
		1D5FEF6C1A4DCB47002213A6 /* Core */ = {
			isa = PBXGroup;
			children = (
				1D5FEF6D1A4DCB47002213A6 /* FZCDS.h */,
				1D5FEF6E1A4DCB47002213A6 /* FZCDSCache.h */,
				1D5FEF6F1A4DCB47002213A6 /* FZCDSCache.m */,
				1D5FEF701A4DCB47002213A6 /* FZCDSKeys.h */,
				1D5FEF711A4DCB47002213A6 /* FZCDSManager+ObjectOperation.h */,
				1D5FEF721A4DCB47002213A6 /* FZCDSManager+ObjectOperation.m */,
				1D5FEF731A4DCB47002213A6 /* FZCDSManager+Private.h */,
				1D5FEF741A4DCB47002213A6 /* FZCDSManager+URLOperation.h */,
				1D5FEF751A4DCB47002213A6 /* FZCDSManager+URLOperation.m */,
				1D5FEF761A4DCB47002213A6 /* FZCDSManager.h */,
				1D5FEF771A4DCB47002213A6 /* FZCDSManager.m */,
				1D5FEF781A4DCB47002213A6 /* FZCDSTypeConverter.h */,
				1D5FEF791A4DCB47002213A6 /* FZCDSTypeConverter.m */,
			);
			path = Core;
			sourceTree = "<group>";
		};
		1D5FEF7A1A4DCB47002213A6 /* Fetch Controllers */ = {
			isa = PBXGroup;
			children = (
				1D5FF0011A4DCBEA002213A6 /* FZCDSCollectionController.h */,
				1D5FF0021A4DCBEA002213A6 /* FZCDSCollectionController.m */,
				1D5FEF7D1A4DCB47002213A6 /* FZCDSFetchArrayController.h */,
				1D5FEF7E1A4DCB47002213A6 /* FZCDSFetchArrayController.m */,
				1D5FEF7F1A4DCB47002213A6 /* FZCDSFetchArrayTableViewPagingControllerDelegate.h */,
				1D5FEF801A4DCB47002213A6 /* FZCDSFetchControllable.h */,
				1D5FEF811A4DCB47002213A6 /* FZCDSFetchController+Private.h */,
				1D5FEF821A4DCB47002213A6 /* FZCDSFetchController.h */,
				1D5FEF831A4DCB47002213A6 /* FZCDSFetchController.m */,
				1D5FEF841A4DCB47002213A6 /* FZCDSFetchControllerDelegate.h */,
				1D5FEF851A4DCB47002213A6 /* FZCDSFetchObjectController.h */,
				1D5FEF861A4DCB47002213A6 /* FZCDSFetchObjectController.m */,
				1D5FEF871A4DCB47002213A6 /* FZCDSListener.h */,
				1D5FEF881A4DCB47002213A6 /* FZCDSListener.m */,
				1D5FEF891A4DCB47002213A6 /* FZCDSPagingTableViewController.h */,
				1D5FEF8A1A4DCB47002213A6 /* FZCDSPagingTableViewController.m */,
				1D5FEF8B1A4DCB47002213A6 /* FZCDSTableViewController.h */,
				1D5FEF8C1A4DCB47002213A6 /* FZCDSTableViewController.m */,
			);
			path = "Fetch Controllers";
			sourceTree = "<group>";
		};
		1D5FEF8D1A4DCB47002213A6 /* Log */ = {
			isa = PBXGroup;
			children = (
				1D5FEF8E1A4DCB47002213A6 /* FZCDSLog+Private.h */,
				1D5FEF8F1A4DCB47002213A6 /* FZCDSLog.h */,
				1D5FEF901A4DCB47002213A6 /* FZCDSLog.m */,
				1D5FEF911A4DCB47002213A6 /* FZCDSLogMapping.h */,
				1D5FEF921A4DCB47002213A6 /* FZCDSLogMapping.m */,
				1D5FEF931A4DCB47002213A6 /* FZCDSLogObject+Private.h */,
				1D5FEF941A4DCB47002213A6 /* FZCDSLogObject.h */,
				1D5FEF951A4DCB47002213A6 /* FZCDSLogObject.m */,
				1D5FEF961A4DCB47002213A6 /* FZCDSLogOperation+Private.h */,
				1D5FEF971A4DCB47002213A6 /* FZCDSLogOperation.h */,
				1D5FEF981A4DCB47002213A6 /* FZCDSLogOperation.m */,
			);
			path = Log;
			sourceTree = "<group>";
		};
		1D5FEF991A4DCB47002213A6 /* Operations */ = {
			isa = PBXGroup;
			children = (
				1D5FEF9A1A4DCB47002213A6 /* FZCDSFetchObjectOperation.h */,
				1D5FEF9B1A4DCB47002213A6 /* FZCDSFetchObjectOperation.m */,
				1D5FEF9C1A4DCB47002213A6 /* FZCDSFetchOperation+Private.h */,
				1D5FEF9D1A4DCB47002213A6 /* FZCDSFetchOperation.h */,
				1D5FEF9E1A4DCB47002213A6 /* FZCDSFetchOperation.m */,
				1D5FEF9F1A4DCB47002213A6 /* FZCDSFetchRelationshipOperation.h */,
				1D5FEFA01A4DCB47002213A6 /* FZCDSFetchRelationshipOperation.m */,
				1D5FEFA11A4DCB47002213A6 /* FZCDSURLOperation+Private.h */,
				1D5FEFA21A4DCB47002213A6 /* FZCDSURLOperation.h */,
				1D5FEFA31A4DCB47002213A6 /* FZCDSURLOperation.m */,
			);
			path = Operations;
			sourceTree = "<group>";
		};
		1D5FEFA41A4DCB47002213A6 /* Tests */ = {
			isa = PBXGroup;
			children = (
				1D5FEFA51A4DCB47002213A6 /* FZCDSTestSupport.h */,
				1D5FEFA61A4DCB47002213A6 /* FZCDSTestSupport.m */,
			);
			path = Tests;
			sourceTree = "<group>";
		};
		1D5FEFCE1A4DCB5D002213A6 /* FZTableViewDelegate */ = {
			isa = PBXGroup;
			children = (
				1D5FEFCF1A4DCB5D002213A6 /* FZTableViewDelegate+Private.h */,
				1D5FEFD01A4DCB5D002213A6 /* FZTableViewDelegate+Private.m */,
				1D5FEFD11A4DCB5D002213A6 /* FZTableViewDelegate.h */,
				1D5FEFD21A4DCB5D002213A6 /* FZTableViewDelegate.m */,
			);
			name = FZTableViewDelegate;
			path = Libraries/FZTableViewDelegate/FZTableViewDelegate/Source;
			sourceTree = "<group>";
		};
		1D5FEFD51A4DCB6E002213A6 /* FZViewModelBuilders */ = {
			isa = PBXGroup;
			children = (
				1D5FEFD61A4DCB6E002213A6 /* FZViewModelBuilders.h */,
				1D5FEFD71A4DCB6E002213A6 /* FZViewModelBuildingBlocks.h */,
				1D5FEFD81A4DCB6E002213A6 /* View Model Builders */,
				1D5FEFE91A4DCB6E002213A6 /* View Models */,
			);
			name = FZViewModelBuilders;
			path = Libraries/FZViewModelBuilders;
			sourceTree = "<group>";
		};
		1D5FEFD81A4DCB6E002213A6 /* View Model Builders */ = {
			isa = PBXGroup;
			children = (
				1D5FEFD91A4DCB6E002213A6 /* FZViewModelBuilder.h */,
				1D5FEFDA1A4DCB6E002213A6 /* FZViewModelBuilder.m */,
				1D5FEFDB1A4DCB6E002213A6 /* FZViewModelBuilderAbstractGrouped.h */,
				1D5FEFDC1A4DCB6E002213A6 /* FZViewModelBuilderAbstractGrouped.m */,
				1D5FEFDD1A4DCB6E002213A6 /* FZViewModelBuilderGroupedByBlock.h */,
				1D5FEFDE1A4DCB6E002213A6 /* FZViewModelBuilderGroupedByBlock.m */,
				1D5FEFDF1A4DCB6E002213A6 /* FZViewModelBuilderGroupedByFirstLetter.h */,
				1D5FEFE01A4DCB6E002213A6 /* FZViewModelBuilderGroupedByFirstLetter.m */,
				1D5FEFE11A4DCB6E002213A6 /* FZViewModelBuilderGroupedByKeyPath.h */,
				1D5FEFE21A4DCB6E002213A6 /* FZViewModelBuilderGroupedByKeyPath.m */,
				1D5FEFE31A4DCB6E002213A6 /* FZViewModelBuilderGroupedByKeyPathEchoing.h */,
				1D5FEFE41A4DCB6E002213A6 /* FZViewModelBuilderGroupedByKeyPathEchoing.m */,
				1D5FEFE51A4DCB6E002213A6 /* FZViewModelBuilderGroupSquashing.h */,
				1D5FEFE61A4DCB6E002213A6 /* FZViewModelBuilderGroupSquashing.m */,
				1D5FEFE71A4DCB6E002213A6 /* FZViewModelBuilderNestedBuilders.h */,
				1D5FEFE81A4DCB6E002213A6 /* FZViewModelBuilderNestedBuilders.m */,
			);
			path = "View Model Builders";
			sourceTree = "<group>";
		};
		1D5FEFE91A4DCB6E002213A6 /* View Models */ = {
			isa = PBXGroup;
			children = (
				1D5FEFEA1A4DCB6E002213A6 /* FZCellViewModel.h */,
				1D5FEFEB1A4DCB6E002213A6 /* FZCellViewModel.m */,
				1D5FEFEC1A4DCB6E002213A6 /* FZCollectionViewCellViewModel.h */,
				1D5FEFED1A4DCB6E002213A6 /* FZCollectionViewCellViewModel.m */,
				1D5FEFEE1A4DCB6E002213A6 /* FZTableViewCellViewModel.h */,
				1D5FEFEF1A4DCB6E002213A6 /* FZTableViewCellViewModel.m */,
				1D5FEFF01A4DCB6E002213A6 /* FZTableViewSectionModel.h */,
				1D5FEFF11A4DCB6E002213A6 /* FZTableViewSectionModel.m */,
				1D5FEFF21A4DCB6E002213A6 /* FZViewModel.h */,
				1D5FEFF31A4DCB6E002213A6 /* FZViewModel.m */,
			);
			path = "View Models";
			sourceTree = "<group>";
		};
		1DFC7A8D1A4DE52A00646F1A /* Review Details */ = {
			isa = PBXGroup;
			children = (
				1DFC7A8E1A4DE5CC00646F1A /* GRPAdjustableTextFieldTableViewCell.h */,
				1DFC7A8F1A4DE5CC00646F1A /* GRPAdjustableTextFieldTableViewCell.m */,
			);
			name = "Review Details";
			sourceTree = "<group>";
		};
		1DFC7A981A4DEF2000646F1A /* FZKeyboardAppearanceEventRespond */ = {
			isa = PBXGroup;
			children = (
				1DFC7A991A4DEF2000646F1A /* FZKeyboardAppearanceEventResponder.h */,
				1DFC7A9A1A4DEF2000646F1A /* FZKeyboardAppearanceEventResponder.m */,
			);
			name = FZKeyboardAppearanceEventRespond;
			path = Libraries/FZKeyboardAppearanceEventResponder/FZKeyboardAppearanceHandler/Source;
			sourceTree = "<group>";
		};
		1DFC7AA21A4E045700646F1A /* FZMessagesView */ = {
			isa = PBXGroup;
			children = (
				1DFC7AA31A4E045700646F1A /* FZMessagesView.h */,
				1DFC7AA41A4E045700646F1A /* FZMessagesView.m */,
				1DFC7AA51A4E045700646F1A /* FZMessagesView.xib */,
				1DFC7AA61A4E045700646F1A /* FZMessagesViewMediator.h */,
				1DFC7AA71A4E045700646F1A /* FZMessagesViewMediator.m */,
			);
			name = FZMessagesView;
			path = Libraries/FZMessagesViewMediator/FZMessagesViewMediator/Source;
			sourceTree = "<group>";
		};
		3981D078A2CB2F6BE92A65F8 /* Pods */ = {
			isa = PBXGroup;
			children = (
				547DCD5749C63D328162BDA0 /* Pods-Grapes.debug.xcconfig */,
				69E66F739DA1D28814E196D4 /* Pods-Grapes.release.xcconfig */,
			);
			name = Pods;
			sourceTree = "<group>";
		};
		4FFA90D3186782D4003E2791 = {
			isa = PBXGroup;
			children = (
				4FFA90E5186782D4003E2791 /* Grapes */,
				4FFA9104186782D4003E2791 /* GrapesTests */,
				4FFA90DE186782D4003E2791 /* Frameworks */,
				4FFA90DD186782D4003E2791 /* Products */,
				3981D078A2CB2F6BE92A65F8 /* Pods */,
			);
			sourceTree = "<group>";
		};
		4FFA90DD186782D4003E2791 /* Products */ = {
			isa = PBXGroup;
			children = (
				4FFA90DC186782D4003E2791 /* Grapes.app */,
				4FFA90FD186782D4003E2791 /* GrapesTests.xctest */,
			);
			name = Products;
			sourceTree = "<group>";
		};
		4FFA90DE186782D4003E2791 /* Frameworks */ = {
			isa = PBXGroup;
			children = (
				4FFA90DF186782D4003E2791 /* Foundation.framework */,
				4FFA90E1186782D4003E2791 /* CoreGraphics.framework */,
				4FFA90E3186782D4003E2791 /* UIKit.framework */,
				4FFA90FE186782D4003E2791 /* XCTest.framework */,
				AA8F471BE6B6D8045422EAA1 /* libPods-Grapes.a */,
			);
			name = Frameworks;
			sourceTree = "<group>";
		};
		4FFA90E5186782D4003E2791 /* Grapes */ = {
			isa = PBXGroup;
			children = (
				4FFA90EE186782D4003E2791 /* GRPAppDelegate.h */,
				4FFA90EF186782D4003E2791 /* GRPAppDelegate.m */,
				1D5FEF431A4DCB1D002213A6 /* Libraries */,
				4FFA911A186784C6003E2791 /* Categories */,
				4FFA9119186784BE003E2791 /* Handlers */,
				4FFA9118186784B5003E2791 /* Models */,
				4FFA9117186784B5003E2791 /* Protocols */,
				4FFA9114186784B5003E2791 /* Views */,
				4FFA9115186784B5003E2791 /* View Controllers */,
				4FFA9116186784B5003E2791 /* Storyboards */,
				4FFA90F7186782D4003E2791 /* Images.xcassets */,
				4FFA90E6186782D4003E2791 /* Supporting Files */,
			);
			path = Grapes;
			sourceTree = "<group>";
		};
		4FFA90E6186782D4003E2791 /* Supporting Files */ = {
			isa = PBXGroup;
			children = (
				4FFA90E7186782D4003E2791 /* Grapes-Info.plist */,
				4FFA90E8186782D4003E2791 /* InfoPlist.strings */,
				4FFA90EB186782D4003E2791 /* main.m */,
				4FFA90ED186782D4003E2791 /* Grapes-Prefix.pch */,
			);
			name = "Supporting Files";
			sourceTree = "<group>";
		};
		4FFA9104186782D4003E2791 /* GrapesTests */ = {
			isa = PBXGroup;
			children = (
				4FFA910A186782D4003E2791 /* GrapesTests.m */,
				4FFA9105186782D4003E2791 /* Supporting Files */,
			);
			path = GrapesTests;
			sourceTree = "<group>";
		};
		4FFA9105186782D4003E2791 /* Supporting Files */ = {
			isa = PBXGroup;
			children = (
				4FFA9106186782D4003E2791 /* GrapesTests-Info.plist */,
				4FFA9107186782D4003E2791 /* InfoPlist.strings */,
			);
			name = "Supporting Files";
			sourceTree = "<group>";
		};
		4FFA9114186784B5003E2791 /* Views */ = {
			isa = PBXGroup;
			children = (
				4FFA91381867A5AE003E2791 /* Global */,
				4FFA912018678574003E2791 /* Review List */,
				1DFC7A8D1A4DE52A00646F1A /* Review Details */,
			);
			path = Views;
			sourceTree = "<group>";
		};
		4FFA9115186784B5003E2791 /* View Controllers */ = {
			isa = PBXGroup;
			children = (
				4FFA911F18678562003E2791 /* Review List */,
				4FFA91211867857E003E2791 /* Review Details */,
			);
			path = "View Controllers";
			sourceTree = "<group>";
		};
		4FFA9116186784B5003E2791 /* Storyboards */ = {
			isa = PBXGroup;
			children = (
				4FFA911D18678552003E2791 /* WineList.storyboard */,
			);
			path = Storyboards;
			sourceTree = "<group>";
		};
		4FFA9117186784B5003E2791 /* Protocols */ = {
			isa = PBXGroup;
			children = (
				1DFC7A911A4DE5F900646F1A /* GRPEditableTableViewCell.h */,
			);
			path = Protocols;
			sourceTree = "<group>";
		};
		4FFA9118186784B5003E2791 /* Models */ = {
			isa = PBXGroup;
			children = (
				1D5FEF421A4DC902002213A6 /* Base Models */,
				1D5FEF2D1A4DC6A7002213A6 /* Grapes.xcdatamodeld */,
				1D5FEF391A4DC8E2002213A6 /* GRPUser+GRP.h */,
				1D5FEF3A1A4DC8E2002213A6 /* GRPUser+GRP.m */,
				1D5FEF3C1A4DC8ED002213A6 /* GRPReview+GRP.h */,
				1D5FEF3D1A4DC8ED002213A6 /* GRPReview+GRP.m */,
				1D5FEF3F1A4DC8FD002213A6 /* GRPWine+GRP.h */,
				1D5FEF401A4DC8FD002213A6 /* GRPWine+GRP.m */,
			);
			path = Models;
			sourceTree = "<group>";
		};
		4FFA9119186784BE003E2791 /* Handlers */ = {
			isa = PBXGroup;
			children = (
				4FFA913518678F2B003E2791 /* GRPAppearanceHandler.h */,
				4FFA913618678F2B003E2791 /* GRPAppearanceHandler.m */,
				1DF5C4BA19BCDEE80064209C /* GRPViewControllerFactory.h */,
				1DF5C4BB19BCDEE80064209C /* GRPViewControllerFactory.m */,
				1D5FEF271A4DC636002213A6 /* GRPDataGenerator.h */,
				1D5FEF281A4DC636002213A6 /* GRPDataGenerator.m */,
				1D5FEF2A1A4DC65B002213A6 /* GRPDataSifter.h */,
				1D5FEF2B1A4DC65B002213A6 /* GRPDataSifter.m */,
				1D5FF0071A4DCD55002213A6 /* GRPUserHandler.h */,
				1D5FF0081A4DCD55002213A6 /* GRPUserHandler.m */,
				1DFC7A9C1A4DEF4900646F1A /* GRPKeyboardMediator.h */,
				1DFC7A9D1A4DEF4900646F1A /* GRPKeyboardMediator.m */,
			);
			path = Handlers;
			sourceTree = "<group>";
		};
		4FFA911A186784C6003E2791 /* Categories */ = {
			isa = PBXGroup;
			children = (
				4FFA913218678F15003E2791 /* UIColor+GRP.h */,
				4FFA913318678F15003E2791 /* UIColor+GRP.m */,
				1DFC7A8A1A4DE27A00646F1A /* NSDate+GRP.h */,
				1DFC7A8B1A4DE27A00646F1A /* NSDate+GRP.m */,
			);
			path = Categories;
			sourceTree = "<group>";
		};
		4FFA911F18678562003E2791 /* Review List */ = {
			isa = PBXGroup;
			children = (
				4FFA912618678640003E2791 /* GRPReviewListViewController.h */,
				4FFA912718678640003E2791 /* GRPReviewListViewController.m */,
			);
			name = "Review List";
			sourceTree = "<group>";
		};
		4FFA912018678574003E2791 /* Review List */ = {
			isa = PBXGroup;
			children = (
				4FFA912C18678993003E2791 /* GRPReviewTableViewCell.h */,
				4FFA912D18678993003E2791 /* GRPReviewTableViewCell.m */,
			);
			name = "Review List";
			sourceTree = "<group>";
		};
		4FFA91211867857E003E2791 /* Review Details */ = {
			isa = PBXGroup;
			children = (
				1DF5C4B719BCDC820064209C /* GRPReviewDetailsViewController.h */,
				1DF5C4B819BCDC820064209C /* GRPReviewDetailsViewController.m */,
			);
			name = "Review Details";
			sourceTree = "<group>";
		};
		4FFA91381867A5AE003E2791 /* Global */ = {
			isa = PBXGroup;
			children = (
				4FFA91391867A5C3003E2791 /* GRPWineImageView.h */,
				4FFA913A1867A5C3003E2791 /* GRPWineImageView.m */,
				4FFA913C1867A867003E2791 /* GRPRatingView.h */,
				4FFA913D1867A867003E2791 /* GRPRatingView.m */,
				1DFC7A921A4DEAE800646F1A /* GRPTableView.h */,
				1DFC7A931A4DEAE800646F1A /* GRPTableView.m */,
				1DFC7A951A4DEB0600646F1A /* GRPTableViewCell.h */,
				1DFC7A961A4DEB0600646F1A /* GRPTableViewCell.m */,
				1DFC7A9F1A4DF6B900646F1A /* GRPKeyboardAttachementView.h */,
				1DFC7AA01A4DF6B900646F1A /* GRPKeyboardAttachmentView.m */,
			);
			name = Global;
			sourceTree = "<group>";
		};
/* End PBXGroup section */

/* Begin PBXNativeTarget section */
		4FFA90DB186782D4003E2791 /* Grapes */ = {
			isa = PBXNativeTarget;
			buildConfigurationList = 4FFA910E186782D4003E2791 /* Build configuration list for PBXNativeTarget "Grapes" */;
			buildPhases = (
				230A52BE7355912BB898DE77 /* Check Pods Manifest.lock */,
				4FFA90D8186782D4003E2791 /* Sources */,
				4FFA90D9186782D4003E2791 /* Frameworks */,
				4FFA90DA186782D4003E2791 /* Resources */,
				6C7313A1F92F85B832933E12 /* Copy Pods Resources */,
			);
			buildRules = (
			);
			dependencies = (
			);
			name = Grapes;
			productName = Grapes;
			productReference = 4FFA90DC186782D4003E2791 /* Grapes.app */;
			productType = "com.apple.product-type.application";
		};
		4FFA90FC186782D4003E2791 /* GrapesTests */ = {
			isa = PBXNativeTarget;
			buildConfigurationList = 4FFA9111186782D4003E2791 /* Build configuration list for PBXNativeTarget "GrapesTests" */;
			buildPhases = (
				4FFA90F9186782D4003E2791 /* Sources */,
				4FFA90FA186782D4003E2791 /* Frameworks */,
				4FFA90FB186782D4003E2791 /* Resources */,
			);
			buildRules = (
			);
			dependencies = (
				4FFA9103186782D4003E2791 /* PBXTargetDependency */,
			);
			name = GrapesTests;
			productName = GrapesTests;
			productReference = 4FFA90FD186782D4003E2791 /* GrapesTests.xctest */;
			productType = "com.apple.product-type.bundle.unit-test";
		};
/* End PBXNativeTarget section */

/* Begin PBXProject section */
		4FFA90D4186782D4003E2791 /* Project object */ = {
			isa = PBXProject;
			attributes = {
				CLASSPREFIX = GRP;
				LastUpgradeCheck = 0510;
				ORGANIZATIONNAME = Woodcutting;
				TargetAttributes = {
					4FFA90FC186782D4003E2791 = {
						TestTargetID = 4FFA90DB186782D4003E2791;
					};
				};
			};
			buildConfigurationList = 4FFA90D7186782D4003E2791 /* Build configuration list for PBXProject "Grapes" */;
			compatibilityVersion = "Xcode 3.2";
			developmentRegion = English;
			hasScannedForEncodings = 0;
			knownRegions = (
				en,
				Base,
			);
			mainGroup = 4FFA90D3186782D4003E2791;
			productRefGroup = 4FFA90DD186782D4003E2791 /* Products */;
			projectDirPath = "";
			projectRoot = "";
			targets = (
				4FFA90DB186782D4003E2791 /* Grapes */,
				4FFA90FC186782D4003E2791 /* GrapesTests */,
			);
		};
/* End PBXProject section */

/* Begin PBXResourcesBuildPhase section */
		4FFA90DA186782D4003E2791 /* Resources */ = {
			isa = PBXResourcesBuildPhase;
			buildActionMask = 2147483647;
			files = (
				4FFA911E18678552003E2791 /* WineList.storyboard in Resources */,
				4FFA90F8186782D4003E2791 /* Images.xcassets in Resources */,
				1DFC7AA91A4E045700646F1A /* FZMessagesView.xib in Resources */,
				4FFA90EA186782D4003E2791 /* InfoPlist.strings in Resources */,
			);
			runOnlyForDeploymentPostprocessing = 0;
		};
		4FFA90FB186782D4003E2791 /* Resources */ = {
			isa = PBXResourcesBuildPhase;
			buildActionMask = 2147483647;
			files = (
				4FFA9109186782D4003E2791 /* InfoPlist.strings in Resources */,
			);
			runOnlyForDeploymentPostprocessing = 0;
		};
/* End PBXResourcesBuildPhase section */

/* Begin PBXShellScriptBuildPhase section */
		230A52BE7355912BB898DE77 /* Check Pods Manifest.lock */ = {
			isa = PBXShellScriptBuildPhase;
			buildActionMask = 2147483647;
			files = (
			);
			inputPaths = (
			);
			name = "Check Pods Manifest.lock";
			outputPaths = (
			);
			runOnlyForDeploymentPostprocessing = 0;
			shellPath = /bin/sh;
			shellScript = "diff \"${PODS_ROOT}/../Podfile.lock\" \"${PODS_ROOT}/Manifest.lock\" > /dev/null\nif [[ $? != 0 ]] ; then\n    cat << EOM\nerror: The sandbox is not in sync with the Podfile.lock. Run 'pod install' or update your CocoaPods installation.\nEOM\n    exit 1\nfi\n";
			showEnvVarsInLog = 0;
		};
		6C7313A1F92F85B832933E12 /* Copy Pods Resources */ = {
			isa = PBXShellScriptBuildPhase;
			buildActionMask = 2147483647;
			files = (
			);
			inputPaths = (
			);
			name = "Copy Pods Resources";
			outputPaths = (
			);
			runOnlyForDeploymentPostprocessing = 0;
			shellPath = /bin/sh;
			shellScript = "\"${SRCROOT}/Pods/Target Support Files/Pods-Grapes/Pods-Grapes-resources.sh\"\n";
			showEnvVarsInLog = 0;
		};
/* End PBXShellScriptBuildPhase section */

/* Begin PBXSourcesBuildPhase section */
		4FFA90D8186782D4003E2791 /* Sources */ = {
			isa = PBXSourcesBuildPhase;
			buildActionMask = 2147483647;
			files = (
				1D5FEFF41A4DCB6E002213A6 /* FZViewModelBuilder.m in Sources */,
				1D5FEFAA1A4DCB47002213A6 /* FZCDSActionCreateCookie.m in Sources */,
				1D5FEFD41A4DCB5D002213A6 /* FZTableViewDelegate.m in Sources */,
				1D5FEFAE1A4DCB47002213A6 /* FZCDSActionRemoveHeader.m in Sources */,
				1D5FEFC91A4DCB47002213A6 /* FZCDSFetchObjectOperation.m in Sources */,
				1D5FEFC31A4DCB47002213A6 /* FZCDSPagingTableViewController.m in Sources */,
				4FFA913718678F2B003E2791 /* GRPAppearanceHandler.m in Sources */,
				1D5FF0091A4DCD55002213A6 /* GRPUserHandler.m in Sources */,
				1D5FEFF91A4DCB6E002213A6 /* FZViewModelBuilderGroupedByKeyPathEchoing.m in Sources */,
				1D5FEFBF1A4DCB47002213A6 /* FZCDSFetchArrayController.m in Sources */,
				4FFA912818678640003E2791 /* GRPReviewListViewController.m in Sources */,
				1D5FEFCC1A4DCB47002213A6 /* FZCDSURLOperation.m in Sources */,
				1D5FEFCB1A4DCB47002213A6 /* FZCDSFetchRelationshipOperation.m in Sources */,
				1D5FEF411A4DC8FD002213A6 /* GRPWine+GRP.m in Sources */,
				1DFC7A971A4DEB0600646F1A /* GRPTableViewCell.m in Sources */,
				1D5FEFFD1A4DCB6E002213A6 /* FZCollectionViewCellViewModel.m in Sources */,
				1D5FEFF81A4DCB6E002213A6 /* FZViewModelBuilderGroupedByKeyPath.m in Sources */,
				4FFA913418678F15003E2791 /* UIColor+GRP.m in Sources */,
				1D5FEFCA1A4DCB47002213A6 /* FZCDSFetchOperation.m in Sources */,
				1D5FEFA91A4DCB47002213A6 /* FZCDSActionAddHeader.m in Sources */,
				1DFC7A901A4DE5CC00646F1A /* GRPAdjustableTextFieldTableViewCell.m in Sources */,
				1DFC7A9E1A4DEF4900646F1A /* GRPKeyboardMediator.m in Sources */,
				1D5FF0001A4DCB6E002213A6 /* FZViewModel.m in Sources */,
				1D5FEFB51A4DCB47002213A6 /* NSObject+AssociatedObject.m in Sources */,
				1D5FEFB81A4DCB47002213A6 /* UIViewController+FZCDS.m in Sources */,
				1DFC7A8C1A4DE27A00646F1A /* NSDate+GRP.m in Sources */,
				1D5FEFFB1A4DCB6E002213A6 /* FZViewModelBuilderNestedBuilders.m in Sources */,
				1D5FEF2F1A4DC6A7002213A6 /* Grapes.xcdatamodeld in Sources */,
				1D5FEF3B1A4DC8E2002213A6 /* GRPUser+GRP.m in Sources */,
				1D5FEFD31A4DCB5D002213A6 /* FZTableViewDelegate+Private.m in Sources */,
				4FFA90F0186782D4003E2791 /* GRPAppDelegate.m in Sources */,
				1DFC7AA81A4E045700646F1A /* FZMessagesView.m in Sources */,
				4FFA912E18678993003E2791 /* GRPReviewTableViewCell.m in Sources */,
				4FFA90EC186782D4003E2791 /* main.m in Sources */,
				1D5FEFFF1A4DCB6E002213A6 /* FZTableViewSectionModel.m in Sources */,
				1D5FEF3E1A4DC8ED002213A6 /* GRPReview+GRP.m in Sources */,
				1DF5C4BC19BCDEE80064209C /* GRPViewControllerFactory.m in Sources */,
				1D5FEFAC1A4DCB47002213A6 /* FZCDSActionRemoveAllHeaders.m in Sources */,
				1D5FEFC11A4DCB47002213A6 /* FZCDSFetchObjectController.m in Sources */,
				1D5FEF291A4DC636002213A6 /* GRPDataGenerator.m in Sources */,
				1D5FEF351A4DC8C9002213A6 /* GRPReview.m in Sources */,
				1D5FF0061A4DCC93002213A6 /* NSError+FZCDS.m in Sources */,
				1DF5C4B919BCDC820064209C /* GRPReviewDetailsViewController.m in Sources */,
				1DFC7AAA1A4E045700646F1A /* FZMessagesViewMediator.m in Sources */,
				1D5FEFB61A4DCB47002213A6 /* NSSet+KVO.m in Sources */,
				1D5FEF381A4DC8C9002213A6 /* GRPUser.m in Sources */,
				1D5FEFBC1A4DCB47002213A6 /* FZCDSManager.m in Sources */,
				1D5FEFA71A4DCB47002213A6 /* FZCDSAction.m in Sources */,
				1D5FEFB01A4DCB47002213A6 /* FZCDSUIResponderAddition.m in Sources */,
				1D5FEFC71A4DCB47002213A6 /* FZCDSLogObject.m in Sources */,
				1D5FEFB21A4DCB47002213A6 /* NSEntityDescription+CombinedData.m in Sources */,
				1D5FEFF51A4DCB6E002213A6 /* FZViewModelBuilderAbstractGrouped.m in Sources */,
				1D5FEFC61A4DCB47002213A6 /* FZCDSLogMapping.m in Sources */,
				1D5FEFBB1A4DCB47002213A6 /* FZCDSManager+URLOperation.m in Sources */,
				1D5FEF2C1A4DC65B002213A6 /* GRPDataSifter.m in Sources */,
				1D5FEFF61A4DCB6E002213A6 /* FZViewModelBuilderGroupedByBlock.m in Sources */,
				1D5FEFB11A4DCB47002213A6 /* NSEntityDescription+Cache.m in Sources */,
				1D5FEFC41A4DCB47002213A6 /* FZCDSTableViewController.m in Sources */,
				1D5FEFFC1A4DCB6E002213A6 /* FZCellViewModel.m in Sources */,
				1DFC7A941A4DEAE800646F1A /* GRPTableView.m in Sources */,
				1D5FF00C1A4DD487002213A6 /* GRPWine.m in Sources */,
				1D5FEFB71A4DCB47002213A6 /* UIResponder+FZCDS.m in Sources */,
				1D5FEFB91A4DCB47002213A6 /* FZCDSCache.m in Sources */,
				1D5FEFB41A4DCB47002213A6 /* NSManagedObject+FZCDS.m in Sources */,
				1DFC7AA11A4DF6B900646F1A /* GRPKeyboardAttachmentView.m in Sources */,
				1D5FEFC21A4DCB47002213A6 /* FZCDSListener.m in Sources */,
				1D5FEFC81A4DCB47002213A6 /* FZCDSLogOperation.m in Sources */,
				1D5FEFAB1A4DCB47002213A6 /* FZCDSActionRemoveAllCookies.m in Sources */,
				1D5FEFFE1A4DCB6E002213A6 /* FZTableViewCellViewModel.m in Sources */,
				1D5FEFAD1A4DCB47002213A6 /* FZCDSActionRemoveCookie.m in Sources */,
				1D5FEFCD1A4DCB47002213A6 /* FZCDSTestSupport.m in Sources */,
				1D5FEFBD1A4DCB47002213A6 /* FZCDSTypeConverter.m in Sources */,
				1DFC7A9B1A4DEF2000646F1A /* FZKeyboardAppearanceEventResponder.m in Sources */,
				1D5FEFAF1A4DCB47002213A6 /* FZCDSActionSetProperty.m in Sources */,
				1D5FEFC51A4DCB47002213A6 /* FZCDSLog.m in Sources */,
				1D5FEFA81A4DCB47002213A6 /* FZCDSActionAddGlobalVariable.m in Sources */,
				1D5FEFBA1A4DCB47002213A6 /* FZCDSManager+ObjectOperation.m in Sources */,
				1D5FEFB31A4DCB47002213A6 /* NSEntityDescription+FZCDS.m in Sources */,
				4FFA913E1867A867003E2791 /* GRPRatingView.m in Sources */,
				4FFA913B1867A5C3003E2791 /* GRPWineImageView.m in Sources */,
				1D5FEFC01A4DCB47002213A6 /* FZCDSFetchController.m in Sources */,
				1D5FEFF71A4DCB6E002213A6 /* FZViewModelBuilderGroupedByFirstLetter.m in Sources */,
				1D5FF0031A4DCBEA002213A6 /* FZCDSCollectionController.m in Sources */,
				1D5FEFFA1A4DCB6E002213A6 /* FZViewModelBuilderGroupSquashing.m in Sources */,
			);
			runOnlyForDeploymentPostprocessing = 0;
		};
		4FFA90F9186782D4003E2791 /* Sources */ = {
			isa = PBXSourcesBuildPhase;
			buildActionMask = 2147483647;
			files = (
				4FFA910B186782D4003E2791 /* GrapesTests.m in Sources */,
			);
			runOnlyForDeploymentPostprocessing = 0;
		};
/* End PBXSourcesBuildPhase section */

/* Begin PBXTargetDependency section */
		4FFA9103186782D4003E2791 /* PBXTargetDependency */ = {
			isa = PBXTargetDependency;
			target = 4FFA90DB186782D4003E2791 /* Grapes */;
			targetProxy = 4FFA9102186782D4003E2791 /* PBXContainerItemProxy */;
		};
/* End PBXTargetDependency section */

/* Begin PBXVariantGroup section */
		4FFA90E8186782D4003E2791 /* InfoPlist.strings */ = {
			isa = PBXVariantGroup;
			children = (
				4FFA90E9186782D4003E2791 /* en */,
			);
			name = InfoPlist.strings;
			sourceTree = "<group>";
		};
		4FFA9107186782D4003E2791 /* InfoPlist.strings */ = {
			isa = PBXVariantGroup;
			children = (
				4FFA9108186782D4003E2791 /* en */,
			);
			name = InfoPlist.strings;
			sourceTree = "<group>";
		};
/* End PBXVariantGroup section */

/* Begin XCBuildConfiguration section */
		4FFA910C186782D4003E2791 /* Debug */ = {
			isa = XCBuildConfiguration;
			buildSettings = {
				ALWAYS_SEARCH_USER_PATHS = NO;
				CLANG_CXX_LANGUAGE_STANDARD = "gnu++0x";
				CLANG_CXX_LIBRARY = "libc++";
				CLANG_ENABLE_MODULES = YES;
				CLANG_ENABLE_OBJC_ARC = YES;
				CLANG_WARN_BOOL_CONVERSION = YES;
				CLANG_WARN_CONSTANT_CONVERSION = YES;
				CLANG_WARN_DIRECT_OBJC_ISA_USAGE = YES_ERROR;
				CLANG_WARN_EMPTY_BODY = YES;
				CLANG_WARN_ENUM_CONVERSION = YES;
				CLANG_WARN_INT_CONVERSION = YES;
				CLANG_WARN_OBJC_ROOT_CLASS = YES_ERROR;
				CLANG_WARN__DUPLICATE_METHOD_MATCH = YES;
				"CODE_SIGN_IDENTITY[sdk=iphoneos*]" = "iPhone Developer";
				COPY_PHASE_STRIP = NO;
				GCC_C_LANGUAGE_STANDARD = gnu99;
				GCC_DYNAMIC_NO_PIC = NO;
				GCC_OPTIMIZATION_LEVEL = 0;
				GCC_PREPROCESSOR_DEFINITIONS = (
					"DEBUG=1",
					"$(inherited)",
				);
				GCC_SYMBOLS_PRIVATE_EXTERN = NO;
				GCC_WARN_64_TO_32_BIT_CONVERSION = YES;
				GCC_WARN_ABOUT_RETURN_TYPE = YES_ERROR;
				GCC_WARN_UNDECLARED_SELECTOR = YES;
				GCC_WARN_UNINITIALIZED_AUTOS = YES;
				GCC_WARN_UNUSED_FUNCTION = YES;
				GCC_WARN_UNUSED_VARIABLE = YES;
				IPHONEOS_DEPLOYMENT_TARGET = 7.0;
				ONLY_ACTIVE_ARCH = YES;
				SDKROOT = iphoneos;
			};
			name = Debug;
		};
		4FFA910D186782D4003E2791 /* Release */ = {
			isa = XCBuildConfiguration;
			buildSettings = {
				ALWAYS_SEARCH_USER_PATHS = NO;
				CLANG_CXX_LANGUAGE_STANDARD = "gnu++0x";
				CLANG_CXX_LIBRARY = "libc++";
				CLANG_ENABLE_MODULES = YES;
				CLANG_ENABLE_OBJC_ARC = YES;
				CLANG_WARN_BOOL_CONVERSION = YES;
				CLANG_WARN_CONSTANT_CONVERSION = YES;
				CLANG_WARN_DIRECT_OBJC_ISA_USAGE = YES_ERROR;
				CLANG_WARN_EMPTY_BODY = YES;
				CLANG_WARN_ENUM_CONVERSION = YES;
				CLANG_WARN_INT_CONVERSION = YES;
				CLANG_WARN_OBJC_ROOT_CLASS = YES_ERROR;
				CLANG_WARN__DUPLICATE_METHOD_MATCH = YES;
				"CODE_SIGN_IDENTITY[sdk=iphoneos*]" = "iPhone Developer";
				COPY_PHASE_STRIP = YES;
				ENABLE_NS_ASSERTIONS = NO;
				GCC_C_LANGUAGE_STANDARD = gnu99;
				GCC_WARN_64_TO_32_BIT_CONVERSION = YES;
				GCC_WARN_ABOUT_RETURN_TYPE = YES_ERROR;
				GCC_WARN_UNDECLARED_SELECTOR = YES;
				GCC_WARN_UNINITIALIZED_AUTOS = YES;
				GCC_WARN_UNUSED_FUNCTION = YES;
				GCC_WARN_UNUSED_VARIABLE = YES;
				IPHONEOS_DEPLOYMENT_TARGET = 7.0;
				SDKROOT = iphoneos;
				VALIDATE_PRODUCT = YES;
			};
			name = Release;
		};
		4FFA910F186782D4003E2791 /* Debug */ = {
			isa = XCBuildConfiguration;
			baseConfigurationReference = 547DCD5749C63D328162BDA0 /* Pods-Grapes.debug.xcconfig */;
			buildSettings = {
				ASSETCATALOG_COMPILER_APPICON_NAME = AppIcon;
				ASSETCATALOG_COMPILER_LAUNCHIMAGE_NAME = LaunchImage;
				GCC_PRECOMPILE_PREFIX_HEADER = YES;
				GCC_PREFIX_HEADER = "Grapes/Grapes-Prefix.pch";
				INFOPLIST_FILE = "Grapes/Grapes-Info.plist";
				PRODUCT_NAME = "$(TARGET_NAME)";
				WRAPPER_EXTENSION = app;
			};
			name = Debug;
		};
		4FFA9110186782D4003E2791 /* Release */ = {
			isa = XCBuildConfiguration;
			baseConfigurationReference = 69E66F739DA1D28814E196D4 /* Pods-Grapes.release.xcconfig */;
			buildSettings = {
				ASSETCATALOG_COMPILER_APPICON_NAME = AppIcon;
				ASSETCATALOG_COMPILER_LAUNCHIMAGE_NAME = LaunchImage;
				GCC_PRECOMPILE_PREFIX_HEADER = YES;
				GCC_PREFIX_HEADER = "Grapes/Grapes-Prefix.pch";
				INFOPLIST_FILE = "Grapes/Grapes-Info.plist";
				PRODUCT_NAME = "$(TARGET_NAME)";
				WRAPPER_EXTENSION = app;
			};
			name = Release;
		};
		4FFA9112186782D4003E2791 /* Debug */ = {
			isa = XCBuildConfiguration;
			buildSettings = {
				BUNDLE_LOADER = "$(BUILT_PRODUCTS_DIR)/Grapes.app/Grapes";
				FRAMEWORK_SEARCH_PATHS = (
					"$(SDKROOT)/Developer/Library/Frameworks",
					"$(inherited)",
					"$(DEVELOPER_FRAMEWORKS_DIR)",
				);
				GCC_PRECOMPILE_PREFIX_HEADER = YES;
				GCC_PREFIX_HEADER = "Grapes/Grapes-Prefix.pch";
				GCC_PREPROCESSOR_DEFINITIONS = (
					"DEBUG=1",
					"$(inherited)",
				);
				INFOPLIST_FILE = "GrapesTests/GrapesTests-Info.plist";
				PRODUCT_NAME = "$(TARGET_NAME)";
				TEST_HOST = "$(BUNDLE_LOADER)";
				WRAPPER_EXTENSION = xctest;
			};
			name = Debug;
		};
		4FFA9113186782D4003E2791 /* Release */ = {
			isa = XCBuildConfiguration;
			buildSettings = {
				BUNDLE_LOADER = "$(BUILT_PRODUCTS_DIR)/Grapes.app/Grapes";
				FRAMEWORK_SEARCH_PATHS = (
					"$(SDKROOT)/Developer/Library/Frameworks",
					"$(inherited)",
					"$(DEVELOPER_FRAMEWORKS_DIR)",
				);
				GCC_PRECOMPILE_PREFIX_HEADER = YES;
				GCC_PREFIX_HEADER = "Grapes/Grapes-Prefix.pch";
				INFOPLIST_FILE = "GrapesTests/GrapesTests-Info.plist";
				PRODUCT_NAME = "$(TARGET_NAME)";
				TEST_HOST = "$(BUNDLE_LOADER)";
				WRAPPER_EXTENSION = xctest;
			};
			name = Release;
		};
/* End XCBuildConfiguration section */

/* Begin XCConfigurationList section */
		4FFA90D7186782D4003E2791 /* Build configuration list for PBXProject "Grapes" */ = {
			isa = XCConfigurationList;
			buildConfigurations = (
				4FFA910C186782D4003E2791 /* Debug */,
				4FFA910D186782D4003E2791 /* Release */,
			);
			defaultConfigurationIsVisible = 0;
			defaultConfigurationName = Release;
		};
		4FFA910E186782D4003E2791 /* Build configuration list for PBXNativeTarget "Grapes" */ = {
			isa = XCConfigurationList;
			buildConfigurations = (
				4FFA910F186782D4003E2791 /* Debug */,
				4FFA9110186782D4003E2791 /* Release */,
			);
			defaultConfigurationIsVisible = 0;
			defaultConfigurationName = Release;
		};
		4FFA9111186782D4003E2791 /* Build configuration list for PBXNativeTarget "GrapesTests" */ = {
			isa = XCConfigurationList;
			buildConfigurations = (
				4FFA9112186782D4003E2791 /* Debug */,
				4FFA9113186782D4003E2791 /* Release */,
			);
			defaultConfigurationIsVisible = 0;
			defaultConfigurationName = Release;
		};
/* End XCConfigurationList section */

/* Begin XCVersionGroup section */
		1D5FEF2D1A4DC6A7002213A6 /* Grapes.xcdatamodeld */ = {
			isa = XCVersionGroup;
			children = (
				1D5FEF2E1A4DC6A7002213A6 /* Grapes.xcdatamodel */,
			);
			currentVersion = 1D5FEF2E1A4DC6A7002213A6 /* Grapes.xcdatamodel */;
			path = Grapes.xcdatamodeld;
			sourceTree = "<group>";
			versionGroupType = wrapper.xcdatamodel;
		};
/* End XCVersionGroup section */
	};
	rootObject = 4FFA90D4186782D4003E2791 /* Project object */;
}
