// !$*UTF8*$!
{
	archiveVersion = 1;
	classes = {
	};
	objectVersion = 46;
	objects = {

/* Begin PBXBuildFile section */
		1D5FEF291A4DC636002213A6 /* GRPDataGenerator.m in Sources */ = {isa = PBXBuildFile; fileRef = 1D5FEF281A4DC636002213A6 /* GRPDataGenerator.m */; };
		1D5FEF2C1A4DC65B002213A6 /* GRPDataSifter.m in Sources */ = {isa = PBXBuildFile; fileRef = 1D5FEF2B1A4DC65B002213A6 /* GRPDataSifter.m */; };
		1D5FEF2F1A4DC6A7002213A6 /* Grapes.xcdatamodeld in Sources */ = {isa = PBXBuildFile; fileRef = 1D5FEF2D1A4DC6A7002213A6 /* Grapes.xcdatamodeld */; };
		1D5FEF321A4DC8C9002213A6 /* GRPWine.m in Sources */ = {isa = PBXBuildFile; fileRef = 1D5FEF311A4DC8C9002213A6 /* GRPWine.m */; };
		1D5FEF351A4DC8C9002213A6 /* GRPReview.m in Sources */ = {isa = PBXBuildFile; fileRef = 1D5FEF341A4DC8C9002213A6 /* GRPReview.m */; };
		1D5FEF381A4DC8C9002213A6 /* GRPUser.m in Sources */ = {isa = PBXBuildFile; fileRef = 1D5FEF371A4DC8C9002213A6 /* GRPUser.m */; };
		1D5FEF3B1A4DC8E2002213A6 /* GRPUser+GRP.m in Sources */ = {isa = PBXBuildFile; fileRef = 1D5FEF3A1A4DC8E2002213A6 /* GRPUser+GRP.m */; };
		1D5FEF3E1A4DC8ED002213A6 /* GRPReview+GRP.m in Sources */ = {isa = PBXBuildFile; fileRef = 1D5FEF3D1A4DC8ED002213A6 /* GRPReview+GRP.m */; };
		1D5FEF411A4DC8FD002213A6 /* GRPWine+GRP.m in Sources */ = {isa = PBXBuildFile; fileRef = 1D5FEF401A4DC8FD002213A6 /* GRPWine+GRP.m */; };
		1DF5C4B919BCDC820064209C /* GRPWineDetailsViewController.m in Sources */ = {isa = PBXBuildFile; fileRef = 1DF5C4B819BCDC820064209C /* GRPWineDetailsViewController.m */; };
		1DF5C4BC19BCDEE80064209C /* GRPViewControllerFactory.m in Sources */ = {isa = PBXBuildFile; fileRef = 1DF5C4BB19BCDEE80064209C /* GRPViewControllerFactory.m */; };
		4FFA90E0186782D4003E2791 /* Foundation.framework in Frameworks */ = {isa = PBXBuildFile; fileRef = 4FFA90DF186782D4003E2791 /* Foundation.framework */; };
		4FFA90E2186782D4003E2791 /* CoreGraphics.framework in Frameworks */ = {isa = PBXBuildFile; fileRef = 4FFA90E1186782D4003E2791 /* CoreGraphics.framework */; };
		4FFA90E4186782D4003E2791 /* UIKit.framework in Frameworks */ = {isa = PBXBuildFile; fileRef = 4FFA90E3186782D4003E2791 /* UIKit.framework */; };
		4FFA90EA186782D4003E2791 /* InfoPlist.strings in Resources */ = {isa = PBXBuildFile; fileRef = 4FFA90E8186782D4003E2791 /* InfoPlist.strings */; };
		4FFA90EC186782D4003E2791 /* main.m in Sources */ = {isa = PBXBuildFile; fileRef = 4FFA90EB186782D4003E2791 /* main.m */; };
		4FFA90F0186782D4003E2791 /* GRPAppDelegate.m in Sources */ = {isa = PBXBuildFile; fileRef = 4FFA90EF186782D4003E2791 /* GRPAppDelegate.m */; };
		4FFA90F8186782D4003E2791 /* Images.xcassets in Resources */ = {isa = PBXBuildFile; fileRef = 4FFA90F7186782D4003E2791 /* Images.xcassets */; };
		4FFA90FF186782D4003E2791 /* XCTest.framework in Frameworks */ = {isa = PBXBuildFile; fileRef = 4FFA90FE186782D4003E2791 /* XCTest.framework */; };
		4FFA9100186782D4003E2791 /* Foundation.framework in Frameworks */ = {isa = PBXBuildFile; fileRef = 4FFA90DF186782D4003E2791 /* Foundation.framework */; };
		4FFA9101186782D4003E2791 /* UIKit.framework in Frameworks */ = {isa = PBXBuildFile; fileRef = 4FFA90E3186782D4003E2791 /* UIKit.framework */; };
		4FFA9109186782D4003E2791 /* InfoPlist.strings in Resources */ = {isa = PBXBuildFile; fileRef = 4FFA9107186782D4003E2791 /* InfoPlist.strings */; };
		4FFA910B186782D4003E2791 /* GrapesTests.m in Sources */ = {isa = PBXBuildFile; fileRef = 4FFA910A186782D4003E2791 /* GrapesTests.m */; };
		4FFA911E18678552003E2791 /* WineList.storyboard in Resources */ = {isa = PBXBuildFile; fileRef = 4FFA911D18678552003E2791 /* WineList.storyboard */; };
		4FFA912818678640003E2791 /* GRPWineListViewController.m in Sources */ = {isa = PBXBuildFile; fileRef = 4FFA912718678640003E2791 /* GRPWineListViewController.m */; };
		4FFA912E18678993003E2791 /* GRPWineListTableViewCell.m in Sources */ = {isa = PBXBuildFile; fileRef = 4FFA912D18678993003E2791 /* GRPWineListTableViewCell.m */; };
		4FFA913418678F15003E2791 /* UIColor+GRP.m in Sources */ = {isa = PBXBuildFile; fileRef = 4FFA913318678F15003E2791 /* UIColor+GRP.m */; };
		4FFA913718678F2B003E2791 /* GRPAppearanceHandler.m in Sources */ = {isa = PBXBuildFile; fileRef = 4FFA913618678F2B003E2791 /* GRPAppearanceHandler.m */; };
		4FFA913B1867A5C3003E2791 /* GRPWineImageView.m in Sources */ = {isa = PBXBuildFile; fileRef = 4FFA913A1867A5C3003E2791 /* GRPWineImageView.m */; };
		4FFA913E1867A867003E2791 /* GRPRatingView.m in Sources */ = {isa = PBXBuildFile; fileRef = 4FFA913D1867A867003E2791 /* GRPRatingView.m */; };
/* End PBXBuildFile section */

/* Begin PBXContainerItemProxy section */
		4FFA9102186782D4003E2791 /* PBXContainerItemProxy */ = {
			isa = PBXContainerItemProxy;
			containerPortal = 4FFA90D4186782D4003E2791 /* Project object */;
			proxyType = 1;
			remoteGlobalIDString = 4FFA90DB186782D4003E2791;
			remoteInfo = Grapes;
		};
/* End PBXContainerItemProxy section */

/* Begin PBXFileReference section */
		1D5FEF271A4DC636002213A6 /* GRPDataGenerator.h */ = {isa = PBXFileReference; fileEncoding = 4; lastKnownFileType = sourcecode.c.h; path = GRPDataGenerator.h; sourceTree = "<group>"; };
		1D5FEF281A4DC636002213A6 /* GRPDataGenerator.m */ = {isa = PBXFileReference; fileEncoding = 4; lastKnownFileType = sourcecode.c.objc; path = GRPDataGenerator.m; sourceTree = "<group>"; };
		1D5FEF2A1A4DC65B002213A6 /* GRPDataSifter.h */ = {isa = PBXFileReference; fileEncoding = 4; lastKnownFileType = sourcecode.c.h; path = GRPDataSifter.h; sourceTree = "<group>"; };
		1D5FEF2B1A4DC65B002213A6 /* GRPDataSifter.m */ = {isa = PBXFileReference; fileEncoding = 4; lastKnownFileType = sourcecode.c.objc; path = GRPDataSifter.m; sourceTree = "<group>"; };
		1D5FEF2E1A4DC6A7002213A6 /* Grapes.xcdatamodel */ = {isa = PBXFileReference; lastKnownFileType = wrapper.xcdatamodel; path = Grapes.xcdatamodel; sourceTree = "<group>"; };
		1D5FEF301A4DC8C9002213A6 /* GRPWine.h */ = {isa = PBXFileReference; fileEncoding = 4; lastKnownFileType = sourcecode.c.h; path = GRPWine.h; sourceTree = "<group>"; };
		1D5FEF311A4DC8C9002213A6 /* GRPWine.m */ = {isa = PBXFileReference; fileEncoding = 4; lastKnownFileType = sourcecode.c.objc; path = GRPWine.m; sourceTree = "<group>"; };
		1D5FEF331A4DC8C9002213A6 /* GRPReview.h */ = {isa = PBXFileReference; fileEncoding = 4; lastKnownFileType = sourcecode.c.h; path = GRPReview.h; sourceTree = "<group>"; };
		1D5FEF341A4DC8C9002213A6 /* GRPReview.m */ = {isa = PBXFileReference; fileEncoding = 4; lastKnownFileType = sourcecode.c.objc; path = GRPReview.m; sourceTree = "<group>"; };
		1D5FEF361A4DC8C9002213A6 /* GRPUser.h */ = {isa = PBXFileReference; fileEncoding = 4; lastKnownFileType = sourcecode.c.h; path = GRPUser.h; sourceTree = "<group>"; };
		1D5FEF371A4DC8C9002213A6 /* GRPUser.m */ = {isa = PBXFileReference; fileEncoding = 4; lastKnownFileType = sourcecode.c.objc; path = GRPUser.m; sourceTree = "<group>"; };
		1D5FEF391A4DC8E2002213A6 /* GRPUser+GRP.h */ = {isa = PBXFileReference; fileEncoding = 4; lastKnownFileType = sourcecode.c.h; path = "GRPUser+GRP.h"; sourceTree = "<group>"; };
		1D5FEF3A1A4DC8E2002213A6 /* GRPUser+GRP.m */ = {isa = PBXFileReference; fileEncoding = 4; lastKnownFileType = sourcecode.c.objc; path = "GRPUser+GRP.m"; sourceTree = "<group>"; };
		1D5FEF3C1A4DC8ED002213A6 /* GRPReview+GRP.h */ = {isa = PBXFileReference; fileEncoding = 4; lastKnownFileType = sourcecode.c.h; path = "GRPReview+GRP.h"; sourceTree = "<group>"; };
		1D5FEF3D1A4DC8ED002213A6 /* GRPReview+GRP.m */ = {isa = PBXFileReference; fileEncoding = 4; lastKnownFileType = sourcecode.c.objc; path = "GRPReview+GRP.m"; sourceTree = "<group>"; };
		1D5FEF3F1A4DC8FD002213A6 /* GRPWine+GRP.h */ = {isa = PBXFileReference; fileEncoding = 4; lastKnownFileType = sourcecode.c.h; path = "GRPWine+GRP.h"; sourceTree = "<group>"; };
		1D5FEF401A4DC8FD002213A6 /* GRPWine+GRP.m */ = {isa = PBXFileReference; fileEncoding = 4; lastKnownFileType = sourcecode.c.objc; path = "GRPWine+GRP.m"; sourceTree = "<group>"; };
		1DF5C4B719BCDC820064209C /* GRPWineDetailsViewController.h */ = {isa = PBXFileReference; fileEncoding = 4; lastKnownFileType = sourcecode.c.h; path = GRPWineDetailsViewController.h; sourceTree = "<group>"; };
		1DF5C4B819BCDC820064209C /* GRPWineDetailsViewController.m */ = {isa = PBXFileReference; fileEncoding = 4; lastKnownFileType = sourcecode.c.objc; path = GRPWineDetailsViewController.m; sourceTree = "<group>"; };
		1DF5C4BA19BCDEE80064209C /* GRPViewControllerFactory.h */ = {isa = PBXFileReference; fileEncoding = 4; lastKnownFileType = sourcecode.c.h; path = GRPViewControllerFactory.h; sourceTree = "<group>"; };
		1DF5C4BB19BCDEE80064209C /* GRPViewControllerFactory.m */ = {isa = PBXFileReference; fileEncoding = 4; lastKnownFileType = sourcecode.c.objc; path = GRPViewControllerFactory.m; sourceTree = "<group>"; };
		4FFA90DC186782D4003E2791 /* Grapes.app */ = {isa = PBXFileReference; explicitFileType = wrapper.application; includeInIndex = 0; path = Grapes.app; sourceTree = BUILT_PRODUCTS_DIR; };
		4FFA90DF186782D4003E2791 /* Foundation.framework */ = {isa = PBXFileReference; lastKnownFileType = wrapper.framework; name = Foundation.framework; path = System/Library/Frameworks/Foundation.framework; sourceTree = SDKROOT; };
		4FFA90E1186782D4003E2791 /* CoreGraphics.framework */ = {isa = PBXFileReference; lastKnownFileType = wrapper.framework; name = CoreGraphics.framework; path = System/Library/Frameworks/CoreGraphics.framework; sourceTree = SDKROOT; };
		4FFA90E3186782D4003E2791 /* UIKit.framework */ = {isa = PBXFileReference; lastKnownFileType = wrapper.framework; name = UIKit.framework; path = System/Library/Frameworks/UIKit.framework; sourceTree = SDKROOT; };
		4FFA90E7186782D4003E2791 /* Grapes-Info.plist */ = {isa = PBXFileReference; lastKnownFileType = text.plist.xml; path = "Grapes-Info.plist"; sourceTree = "<group>"; };
		4FFA90E9186782D4003E2791 /* en */ = {isa = PBXFileReference; lastKnownFileType = text.plist.strings; name = en; path = en.lproj/InfoPlist.strings; sourceTree = "<group>"; };
		4FFA90EB186782D4003E2791 /* main.m */ = {isa = PBXFileReference; lastKnownFileType = sourcecode.c.objc; path = main.m; sourceTree = "<group>"; };
		4FFA90ED186782D4003E2791 /* Grapes-Prefix.pch */ = {isa = PBXFileReference; lastKnownFileType = sourcecode.c.h; path = "Grapes-Prefix.pch"; sourceTree = "<group>"; };
		4FFA90EE186782D4003E2791 /* GRPAppDelegate.h */ = {isa = PBXFileReference; lastKnownFileType = sourcecode.c.h; path = GRPAppDelegate.h; sourceTree = "<group>"; };
		4FFA90EF186782D4003E2791 /* GRPAppDelegate.m */ = {isa = PBXFileReference; lastKnownFileType = sourcecode.c.objc; path = GRPAppDelegate.m; sourceTree = "<group>"; };
		4FFA90F7186782D4003E2791 /* Images.xcassets */ = {isa = PBXFileReference; lastKnownFileType = folder.assetcatalog; path = Images.xcassets; sourceTree = "<group>"; };
		4FFA90FD186782D4003E2791 /* GrapesTests.xctest */ = {isa = PBXFileReference; explicitFileType = wrapper.cfbundle; includeInIndex = 0; path = GrapesTests.xctest; sourceTree = BUILT_PRODUCTS_DIR; };
		4FFA90FE186782D4003E2791 /* XCTest.framework */ = {isa = PBXFileReference; lastKnownFileType = wrapper.framework; name = XCTest.framework; path = Library/Frameworks/XCTest.framework; sourceTree = DEVELOPER_DIR; };
		4FFA9106186782D4003E2791 /* GrapesTests-Info.plist */ = {isa = PBXFileReference; lastKnownFileType = text.plist.xml; path = "GrapesTests-Info.plist"; sourceTree = "<group>"; };
		4FFA9108186782D4003E2791 /* en */ = {isa = PBXFileReference; lastKnownFileType = text.plist.strings; name = en; path = en.lproj/InfoPlist.strings; sourceTree = "<group>"; };
		4FFA910A186782D4003E2791 /* GrapesTests.m */ = {isa = PBXFileReference; lastKnownFileType = sourcecode.c.objc; path = GrapesTests.m; sourceTree = "<group>"; };
		4FFA911D18678552003E2791 /* WineList.storyboard */ = {isa = PBXFileReference; fileEncoding = 4; lastKnownFileType = file.storyboard; path = WineList.storyboard; sourceTree = "<group>"; };
		4FFA912618678640003E2791 /* GRPWineListViewController.h */ = {isa = PBXFileReference; fileEncoding = 4; lastKnownFileType = sourcecode.c.h; path = GRPWineListViewController.h; sourceTree = "<group>"; };
		4FFA912718678640003E2791 /* GRPWineListViewController.m */ = {isa = PBXFileReference; fileEncoding = 4; lastKnownFileType = sourcecode.c.objc; path = GRPWineListViewController.m; sourceTree = "<group>"; };
		4FFA912C18678993003E2791 /* GRPWineListTableViewCell.h */ = {isa = PBXFileReference; fileEncoding = 4; lastKnownFileType = sourcecode.c.h; path = GRPWineListTableViewCell.h; sourceTree = "<group>"; };
		4FFA912D18678993003E2791 /* GRPWineListTableViewCell.m */ = {isa = PBXFileReference; fileEncoding = 4; lastKnownFileType = sourcecode.c.objc; path = GRPWineListTableViewCell.m; sourceTree = "<group>"; };
		4FFA913218678F15003E2791 /* UIColor+GRP.h */ = {isa = PBXFileReference; fileEncoding = 4; lastKnownFileType = sourcecode.c.h; path = "UIColor+GRP.h"; sourceTree = "<group>"; };
		4FFA913318678F15003E2791 /* UIColor+GRP.m */ = {isa = PBXFileReference; fileEncoding = 4; lastKnownFileType = sourcecode.c.objc; path = "UIColor+GRP.m"; sourceTree = "<group>"; };
		4FFA913518678F2B003E2791 /* GRPAppearanceHandler.h */ = {isa = PBXFileReference; fileEncoding = 4; lastKnownFileType = sourcecode.c.h; path = GRPAppearanceHandler.h; sourceTree = "<group>"; };
		4FFA913618678F2B003E2791 /* GRPAppearanceHandler.m */ = {isa = PBXFileReference; fileEncoding = 4; lastKnownFileType = sourcecode.c.objc; path = GRPAppearanceHandler.m; sourceTree = "<group>"; };
		4FFA91391867A5C3003E2791 /* GRPWineImageView.h */ = {isa = PBXFileReference; fileEncoding = 4; lastKnownFileType = sourcecode.c.h; path = GRPWineImageView.h; sourceTree = "<group>"; };
		4FFA913A1867A5C3003E2791 /* GRPWineImageView.m */ = {isa = PBXFileReference; fileEncoding = 4; lastKnownFileType = sourcecode.c.objc; path = GRPWineImageView.m; sourceTree = "<group>"; };
		4FFA913C1867A867003E2791 /* GRPRatingView.h */ = {isa = PBXFileReference; fileEncoding = 4; lastKnownFileType = sourcecode.c.h; path = GRPRatingView.h; sourceTree = "<group>"; };
		4FFA913D1867A867003E2791 /* GRPRatingView.m */ = {isa = PBXFileReference; fileEncoding = 4; lastKnownFileType = sourcecode.c.objc; path = GRPRatingView.m; sourceTree = "<group>"; };
/* End PBXFileReference section */

/* Begin PBXFrameworksBuildPhase section */
		4FFA90D9186782D4003E2791 /* Frameworks */ = {
			isa = PBXFrameworksBuildPhase;
			buildActionMask = 2147483647;
			files = (
				4FFA90E2186782D4003E2791 /* CoreGraphics.framework in Frameworks */,
				4FFA90E4186782D4003E2791 /* UIKit.framework in Frameworks */,
				4FFA90E0186782D4003E2791 /* Foundation.framework in Frameworks */,
			);
			runOnlyForDeploymentPostprocessing = 0;
		};
		4FFA90FA186782D4003E2791 /* Frameworks */ = {
			isa = PBXFrameworksBuildPhase;
			buildActionMask = 2147483647;
			files = (
				4FFA90FF186782D4003E2791 /* XCTest.framework in Frameworks */,
				4FFA9101186782D4003E2791 /* UIKit.framework in Frameworks */,
				4FFA9100186782D4003E2791 /* Foundation.framework in Frameworks */,
			);
			runOnlyForDeploymentPostprocessing = 0;
		};
/* End PBXFrameworksBuildPhase section */

/* Begin PBXGroup section */
		1D5FEF421A4DC902002213A6 /* Base Models */ = {
			isa = PBXGroup;
			children = (
				1D5FEF361A4DC8C9002213A6 /* GRPUser.h */,
				1D5FEF371A4DC8C9002213A6 /* GRPUser.m */,
				1D5FEF331A4DC8C9002213A6 /* GRPReview.h */,
				1D5FEF341A4DC8C9002213A6 /* GRPReview.m */,
				1D5FEF301A4DC8C9002213A6 /* GRPWine.h */,
				1D5FEF311A4DC8C9002213A6 /* GRPWine.m */,
			);
			name = "Base Models";
			sourceTree = "<group>";
		};
		4FFA90D3186782D4003E2791 = {
			isa = PBXGroup;
			children = (
				4FFA90E5186782D4003E2791 /* Grapes */,
				4FFA9104186782D4003E2791 /* GrapesTests */,
				4FFA90DE186782D4003E2791 /* Frameworks */,
				4FFA90DD186782D4003E2791 /* Products */,
			);
			sourceTree = "<group>";
		};
		4FFA90DD186782D4003E2791 /* Products */ = {
			isa = PBXGroup;
			children = (
				4FFA90DC186782D4003E2791 /* Grapes.app */,
				4FFA90FD186782D4003E2791 /* GrapesTests.xctest */,
			);
			name = Products;
			sourceTree = "<group>";
		};
		4FFA90DE186782D4003E2791 /* Frameworks */ = {
			isa = PBXGroup;
			children = (
				4FFA90DF186782D4003E2791 /* Foundation.framework */,
				4FFA90E1186782D4003E2791 /* CoreGraphics.framework */,
				4FFA90E3186782D4003E2791 /* UIKit.framework */,
				4FFA90FE186782D4003E2791 /* XCTest.framework */,
			);
			name = Frameworks;
			sourceTree = "<group>";
		};
		4FFA90E5186782D4003E2791 /* Grapes */ = {
			isa = PBXGroup;
			children = (
				4FFA90EE186782D4003E2791 /* GRPAppDelegate.h */,
				4FFA90EF186782D4003E2791 /* GRPAppDelegate.m */,
				4FFA911A186784C6003E2791 /* Categories */,
				4FFA9119186784BE003E2791 /* Handlers */,
				4FFA9118186784B5003E2791 /* Models */,
				4FFA9117186784B5003E2791 /* Protocols */,
				4FFA9114186784B5003E2791 /* Views */,
				4FFA9115186784B5003E2791 /* View Controllers */,
				4FFA9116186784B5003E2791 /* Storyboards */,
				4FFA90F7186782D4003E2791 /* Images.xcassets */,
				4FFA90E6186782D4003E2791 /* Supporting Files */,
			);
			path = Grapes;
			sourceTree = "<group>";
		};
		4FFA90E6186782D4003E2791 /* Supporting Files */ = {
			isa = PBXGroup;
			children = (
				4FFA90E7186782D4003E2791 /* Grapes-Info.plist */,
				4FFA90E8186782D4003E2791 /* InfoPlist.strings */,
				4FFA90EB186782D4003E2791 /* main.m */,
				4FFA90ED186782D4003E2791 /* Grapes-Prefix.pch */,
			);
			name = "Supporting Files";
			sourceTree = "<group>";
		};
		4FFA9104186782D4003E2791 /* GrapesTests */ = {
			isa = PBXGroup;
			children = (
				4FFA910A186782D4003E2791 /* GrapesTests.m */,
				4FFA9105186782D4003E2791 /* Supporting Files */,
			);
			path = GrapesTests;
			sourceTree = "<group>";
		};
		4FFA9105186782D4003E2791 /* Supporting Files */ = {
			isa = PBXGroup;
			children = (
				4FFA9106186782D4003E2791 /* GrapesTests-Info.plist */,
				4FFA9107186782D4003E2791 /* InfoPlist.strings */,
			);
			name = "Supporting Files";
			sourceTree = "<group>";
		};
		4FFA9114186784B5003E2791 /* Views */ = {
			isa = PBXGroup;
			children = (
				4FFA91381867A5AE003E2791 /* Global */,
				4FFA912018678574003E2791 /* Wine List */,
			);
			path = Views;
			sourceTree = "<group>";
		};
		4FFA9115186784B5003E2791 /* View Controllers */ = {
			isa = PBXGroup;
			children = (
				4FFA911F18678562003E2791 /* Wine List */,
				4FFA91211867857E003E2791 /* Wine Details */,
			);
			path = "View Controllers";
			sourceTree = "<group>";
		};
		4FFA9116186784B5003E2791 /* Storyboards */ = {
			isa = PBXGroup;
			children = (
				4FFA911D18678552003E2791 /* WineList.storyboard */,
			);
			path = Storyboards;
			sourceTree = "<group>";
		};
		4FFA9117186784B5003E2791 /* Protocols */ = {
			isa = PBXGroup;
			children = (
			);
			path = Protocols;
			sourceTree = "<group>";
		};
		4FFA9118186784B5003E2791 /* Models */ = {
			isa = PBXGroup;
			children = (
				1D5FEF421A4DC902002213A6 /* Base Models */,
				1D5FEF2D1A4DC6A7002213A6 /* Grapes.xcdatamodeld */,
				1D5FEF391A4DC8E2002213A6 /* GRPUser+GRP.h */,
				1D5FEF3A1A4DC8E2002213A6 /* GRPUser+GRP.m */,
				1D5FEF3C1A4DC8ED002213A6 /* GRPReview+GRP.h */,
				1D5FEF3D1A4DC8ED002213A6 /* GRPReview+GRP.m */,
				1D5FEF3F1A4DC8FD002213A6 /* GRPWine+GRP.h */,
				1D5FEF401A4DC8FD002213A6 /* GRPWine+GRP.m */,
			);
			path = Models;
			sourceTree = "<group>";
		};
		4FFA9119186784BE003E2791 /* Handlers */ = {
			isa = PBXGroup;
			children = (
				4FFA913518678F2B003E2791 /* GRPAppearanceHandler.h */,
				4FFA913618678F2B003E2791 /* GRPAppearanceHandler.m */,
				1DF5C4BA19BCDEE80064209C /* GRPViewControllerFactory.h */,
				1DF5C4BB19BCDEE80064209C /* GRPViewControllerFactory.m */,
				1D5FEF271A4DC636002213A6 /* GRPDataGenerator.h */,
				1D5FEF281A4DC636002213A6 /* GRPDataGenerator.m */,
				1D5FEF2A1A4DC65B002213A6 /* GRPDataSifter.h */,
				1D5FEF2B1A4DC65B002213A6 /* GRPDataSifter.m */,
			);
			path = Handlers;
			sourceTree = "<group>";
		};
		4FFA911A186784C6003E2791 /* Categories */ = {
			isa = PBXGroup;
			children = (
				4FFA913218678F15003E2791 /* UIColor+GRP.h */,
				4FFA913318678F15003E2791 /* UIColor+GRP.m */,
			);
			path = Categories;
			sourceTree = "<group>";
		};
		4FFA911F18678562003E2791 /* Wine List */ = {
			isa = PBXGroup;
			children = (
				4FFA912618678640003E2791 /* GRPWineListViewController.h */,
				4FFA912718678640003E2791 /* GRPWineListViewController.m */,
			);
			name = "Wine List";
			sourceTree = "<group>";
		};
		4FFA912018678574003E2791 /* Wine List */ = {
			isa = PBXGroup;
			children = (
				4FFA912C18678993003E2791 /* GRPWineListTableViewCell.h */,
				4FFA912D18678993003E2791 /* GRPWineListTableViewCell.m */,
			);
			name = "Wine List";
			sourceTree = "<group>";
		};
		4FFA91211867857E003E2791 /* Wine Details */ = {
			isa = PBXGroup;
			children = (
				1DF5C4B719BCDC820064209C /* GRPWineDetailsViewController.h */,
				1DF5C4B819BCDC820064209C /* GRPWineDetailsViewController.m */,
			);
			name = "Wine Details";
			sourceTree = "<group>";
		};
		4FFA91381867A5AE003E2791 /* Global */ = {
			isa = PBXGroup;
			children = (
				4FFA91391867A5C3003E2791 /* GRPWineImageView.h */,
				4FFA913A1867A5C3003E2791 /* GRPWineImageView.m */,
				4FFA913C1867A867003E2791 /* GRPRatingView.h */,
				4FFA913D1867A867003E2791 /* GRPRatingView.m */,
			);
			name = Global;
			sourceTree = "<group>";
		};
/* End PBXGroup section */

/* Begin PBXNativeTarget section */
		4FFA90DB186782D4003E2791 /* Grapes */ = {
			isa = PBXNativeTarget;
			buildConfigurationList = 4FFA910E186782D4003E2791 /* Build configuration list for PBXNativeTarget "Grapes" */;
			buildPhases = (
				4FFA90D8186782D4003E2791 /* Sources */,
				4FFA90D9186782D4003E2791 /* Frameworks */,
				4FFA90DA186782D4003E2791 /* Resources */,
			);
			buildRules = (
			);
			dependencies = (
			);
			name = Grapes;
			productName = Grapes;
			productReference = 4FFA90DC186782D4003E2791 /* Grapes.app */;
			productType = "com.apple.product-type.application";
		};
		4FFA90FC186782D4003E2791 /* GrapesTests */ = {
			isa = PBXNativeTarget;
			buildConfigurationList = 4FFA9111186782D4003E2791 /* Build configuration list for PBXNativeTarget "GrapesTests" */;
			buildPhases = (
				4FFA90F9186782D4003E2791 /* Sources */,
				4FFA90FA186782D4003E2791 /* Frameworks */,
				4FFA90FB186782D4003E2791 /* Resources */,
			);
			buildRules = (
			);
			dependencies = (
				4FFA9103186782D4003E2791 /* PBXTargetDependency */,
			);
			name = GrapesTests;
			productName = GrapesTests;
			productReference = 4FFA90FD186782D4003E2791 /* GrapesTests.xctest */;
			productType = "com.apple.product-type.bundle.unit-test";
		};
/* End PBXNativeTarget section */

/* Begin PBXProject section */
		4FFA90D4186782D4003E2791 /* Project object */ = {
			isa = PBXProject;
			attributes = {
				CLASSPREFIX = GRP;
				LastUpgradeCheck = 0510;
				ORGANIZATIONNAME = Woodcutting;
				TargetAttributes = {
					4FFA90FC186782D4003E2791 = {
						TestTargetID = 4FFA90DB186782D4003E2791;
					};
				};
			};
			buildConfigurationList = 4FFA90D7186782D4003E2791 /* Build configuration list for PBXProject "Grapes" */;
			compatibilityVersion = "Xcode 3.2";
			developmentRegion = English;
			hasScannedForEncodings = 0;
			knownRegions = (
				en,
				Base,
			);
			mainGroup = 4FFA90D3186782D4003E2791;
			productRefGroup = 4FFA90DD186782D4003E2791 /* Products */;
			projectDirPath = "";
			projectRoot = "";
			targets = (
				4FFA90DB186782D4003E2791 /* Grapes */,
				4FFA90FC186782D4003E2791 /* GrapesTests */,
			);
		};
/* End PBXProject section */

/* Begin PBXResourcesBuildPhase section */
		4FFA90DA186782D4003E2791 /* Resources */ = {
			isa = PBXResourcesBuildPhase;
			buildActionMask = 2147483647;
			files = (
				4FFA911E18678552003E2791 /* WineList.storyboard in Resources */,
				4FFA90F8186782D4003E2791 /* Images.xcassets in Resources */,
				4FFA90EA186782D4003E2791 /* InfoPlist.strings in Resources */,
			);
			runOnlyForDeploymentPostprocessing = 0;
		};
		4FFA90FB186782D4003E2791 /* Resources */ = {
			isa = PBXResourcesBuildPhase;
			buildActionMask = 2147483647;
			files = (
				4FFA9109186782D4003E2791 /* InfoPlist.strings in Resources */,
			);
			runOnlyForDeploymentPostprocessing = 0;
		};
/* End PBXResourcesBuildPhase section */

/* Begin PBXSourcesBuildPhase section */
		4FFA90D8186782D4003E2791 /* Sources */ = {
			isa = PBXSourcesBuildPhase;
			buildActionMask = 2147483647;
			files = (
				1D5FEF321A4DC8C9002213A6 /* GRPWine.m in Sources */,
				4FFA913718678F2B003E2791 /* GRPAppearanceHandler.m in Sources */,
				4FFA912818678640003E2791 /* GRPWineListViewController.m in Sources */,
				1D5FEF411A4DC8FD002213A6 /* GRPWine+GRP.m in Sources */,
				4FFA913418678F15003E2791 /* UIColor+GRP.m in Sources */,
				1D5FEF2F1A4DC6A7002213A6 /* Grapes.xcdatamodeld in Sources */,
				1D5FEF3B1A4DC8E2002213A6 /* GRPUser+GRP.m in Sources */,
				4FFA90F0186782D4003E2791 /* GRPAppDelegate.m in Sources */,
				4FFA912E18678993003E2791 /* GRPWineListTableViewCell.m in Sources */,
				4FFA90EC186782D4003E2791 /* main.m in Sources */,
				1D5FEF3E1A4DC8ED002213A6 /* GRPReview+GRP.m in Sources */,
				1DF5C4BC19BCDEE80064209C /* GRPViewControllerFactory.m in Sources */,
				1D5FEF291A4DC636002213A6 /* GRPDataGenerator.m in Sources */,
				1D5FEF351A4DC8C9002213A6 /* GRPReview.m in Sources */,
				1DF5C4B919BCDC820064209C /* GRPWineDetailsViewController.m in Sources */,
				1D5FEF381A4DC8C9002213A6 /* GRPUser.m in Sources */,
				1D5FEF2C1A4DC65B002213A6 /* GRPDataSifter.m in Sources */,
				4FFA913E1867A867003E2791 /* GRPRatingView.m in Sources */,
				4FFA913B1867A5C3003E2791 /* GRPWineImageView.m in Sources */,
			);
			runOnlyForDeploymentPostprocessing = 0;
		};
		4FFA90F9186782D4003E2791 /* Sources */ = {
			isa = PBXSourcesBuildPhase;
			buildActionMask = 2147483647;
			files = (
				4FFA910B186782D4003E2791 /* GrapesTests.m in Sources */,
			);
			runOnlyForDeploymentPostprocessing = 0;
		};
/* End PBXSourcesBuildPhase section */

/* Begin PBXTargetDependency section */
		4FFA9103186782D4003E2791 /* PBXTargetDependency */ = {
			isa = PBXTargetDependency;
			target = 4FFA90DB186782D4003E2791 /* Grapes */;
			targetProxy = 4FFA9102186782D4003E2791 /* PBXContainerItemProxy */;
		};
/* End PBXTargetDependency section */

/* Begin PBXVariantGroup section */
		4FFA90E8186782D4003E2791 /* InfoPlist.strings */ = {
			isa = PBXVariantGroup;
			children = (
				4FFA90E9186782D4003E2791 /* en */,
			);
			name = InfoPlist.strings;
			sourceTree = "<group>";
		};
		4FFA9107186782D4003E2791 /* InfoPlist.strings */ = {
			isa = PBXVariantGroup;
			children = (
				4FFA9108186782D4003E2791 /* en */,
			);
			name = InfoPlist.strings;
			sourceTree = "<group>";
		};
/* End PBXVariantGroup section */

/* Begin XCBuildConfiguration section */
		4FFA910C186782D4003E2791 /* Debug */ = {
			isa = XCBuildConfiguration;
			buildSettings = {
				ALWAYS_SEARCH_USER_PATHS = NO;
				CLANG_CXX_LANGUAGE_STANDARD = "gnu++0x";
				CLANG_CXX_LIBRARY = "libc++";
				CLANG_ENABLE_MODULES = YES;
				CLANG_ENABLE_OBJC_ARC = YES;
				CLANG_WARN_BOOL_CONVERSION = YES;
				CLANG_WARN_CONSTANT_CONVERSION = YES;
				CLANG_WARN_DIRECT_OBJC_ISA_USAGE = YES_ERROR;
				CLANG_WARN_EMPTY_BODY = YES;
				CLANG_WARN_ENUM_CONVERSION = YES;
				CLANG_WARN_INT_CONVERSION = YES;
				CLANG_WARN_OBJC_ROOT_CLASS = YES_ERROR;
				CLANG_WARN__DUPLICATE_METHOD_MATCH = YES;
				"CODE_SIGN_IDENTITY[sdk=iphoneos*]" = "iPhone Developer";
				COPY_PHASE_STRIP = NO;
				GCC_C_LANGUAGE_STANDARD = gnu99;
				GCC_DYNAMIC_NO_PIC = NO;
				GCC_OPTIMIZATION_LEVEL = 0;
				GCC_PREPROCESSOR_DEFINITIONS = (
					"DEBUG=1",
					"$(inherited)",
				);
				GCC_SYMBOLS_PRIVATE_EXTERN = NO;
				GCC_WARN_64_TO_32_BIT_CONVERSION = YES;
				GCC_WARN_ABOUT_RETURN_TYPE = YES_ERROR;
				GCC_WARN_UNDECLARED_SELECTOR = YES;
				GCC_WARN_UNINITIALIZED_AUTOS = YES;
				GCC_WARN_UNUSED_FUNCTION = YES;
				GCC_WARN_UNUSED_VARIABLE = YES;
				IPHONEOS_DEPLOYMENT_TARGET = 7.0;
				ONLY_ACTIVE_ARCH = YES;
				SDKROOT = iphoneos;
			};
			name = Debug;
		};
		4FFA910D186782D4003E2791 /* Release */ = {
			isa = XCBuildConfiguration;
			buildSettings = {
				ALWAYS_SEARCH_USER_PATHS = NO;
				CLANG_CXX_LANGUAGE_STANDARD = "gnu++0x";
				CLANG_CXX_LIBRARY = "libc++";
				CLANG_ENABLE_MODULES = YES;
				CLANG_ENABLE_OBJC_ARC = YES;
				CLANG_WARN_BOOL_CONVERSION = YES;
				CLANG_WARN_CONSTANT_CONVERSION = YES;
				CLANG_WARN_DIRECT_OBJC_ISA_USAGE = YES_ERROR;
				CLANG_WARN_EMPTY_BODY = YES;
				CLANG_WARN_ENUM_CONVERSION = YES;
				CLANG_WARN_INT_CONVERSION = YES;
				CLANG_WARN_OBJC_ROOT_CLASS = YES_ERROR;
				CLANG_WARN__DUPLICATE_METHOD_MATCH = YES;
				"CODE_SIGN_IDENTITY[sdk=iphoneos*]" = "iPhone Developer";
				COPY_PHASE_STRIP = YES;
				ENABLE_NS_ASSERTIONS = NO;
				GCC_C_LANGUAGE_STANDARD = gnu99;
				GCC_WARN_64_TO_32_BIT_CONVERSION = YES;
				GCC_WARN_ABOUT_RETURN_TYPE = YES_ERROR;
				GCC_WARN_UNDECLARED_SELECTOR = YES;
				GCC_WARN_UNINITIALIZED_AUTOS = YES;
				GCC_WARN_UNUSED_FUNCTION = YES;
				GCC_WARN_UNUSED_VARIABLE = YES;
				IPHONEOS_DEPLOYMENT_TARGET = 7.0;
				SDKROOT = iphoneos;
				VALIDATE_PRODUCT = YES;
			};
			name = Release;
		};
		4FFA910F186782D4003E2791 /* Debug */ = {
			isa = XCBuildConfiguration;
			buildSettings = {
				ASSETCATALOG_COMPILER_APPICON_NAME = AppIcon;
				ASSETCATALOG_COMPILER_LAUNCHIMAGE_NAME = LaunchImage;
				GCC_PRECOMPILE_PREFIX_HEADER = YES;
				GCC_PREFIX_HEADER = "Grapes/Grapes-Prefix.pch";
				INFOPLIST_FILE = "Grapes/Grapes-Info.plist";
				PRODUCT_NAME = "$(TARGET_NAME)";
				WRAPPER_EXTENSION = app;
			};
			name = Debug;
		};
		4FFA9110186782D4003E2791 /* Release */ = {
			isa = XCBuildConfiguration;
			buildSettings = {
				ASSETCATALOG_COMPILER_APPICON_NAME = AppIcon;
				ASSETCATALOG_COMPILER_LAUNCHIMAGE_NAME = LaunchImage;
				GCC_PRECOMPILE_PREFIX_HEADER = YES;
				GCC_PREFIX_HEADER = "Grapes/Grapes-Prefix.pch";
				INFOPLIST_FILE = "Grapes/Grapes-Info.plist";
				PRODUCT_NAME = "$(TARGET_NAME)";
				WRAPPER_EXTENSION = app;
			};
			name = Release;
		};
		4FFA9112186782D4003E2791 /* Debug */ = {
			isa = XCBuildConfiguration;
			buildSettings = {
				BUNDLE_LOADER = "$(BUILT_PRODUCTS_DIR)/Grapes.app/Grapes";
				FRAMEWORK_SEARCH_PATHS = (
					"$(SDKROOT)/Developer/Library/Frameworks",
					"$(inherited)",
					"$(DEVELOPER_FRAMEWORKS_DIR)",
				);
				GCC_PRECOMPILE_PREFIX_HEADER = YES;
				GCC_PREFIX_HEADER = "Grapes/Grapes-Prefix.pch";
				GCC_PREPROCESSOR_DEFINITIONS = (
					"DEBUG=1",
					"$(inherited)",
				);
				INFOPLIST_FILE = "GrapesTests/GrapesTests-Info.plist";
				PRODUCT_NAME = "$(TARGET_NAME)";
				TEST_HOST = "$(BUNDLE_LOADER)";
				WRAPPER_EXTENSION = xctest;
			};
			name = Debug;
		};
		4FFA9113186782D4003E2791 /* Release */ = {
			isa = XCBuildConfiguration;
			buildSettings = {
				BUNDLE_LOADER = "$(BUILT_PRODUCTS_DIR)/Grapes.app/Grapes";
				FRAMEWORK_SEARCH_PATHS = (
					"$(SDKROOT)/Developer/Library/Frameworks",
					"$(inherited)",
					"$(DEVELOPER_FRAMEWORKS_DIR)",
				);
				GCC_PRECOMPILE_PREFIX_HEADER = YES;
				GCC_PREFIX_HEADER = "Grapes/Grapes-Prefix.pch";
				INFOPLIST_FILE = "GrapesTests/GrapesTests-Info.plist";
				PRODUCT_NAME = "$(TARGET_NAME)";
				TEST_HOST = "$(BUNDLE_LOADER)";
				WRAPPER_EXTENSION = xctest;
			};
			name = Release;
		};
/* End XCBuildConfiguration section */

/* Begin XCConfigurationList section */
		4FFA90D7186782D4003E2791 /* Build configuration list for PBXProject "Grapes" */ = {
			isa = XCConfigurationList;
			buildConfigurations = (
				4FFA910C186782D4003E2791 /* Debug */,
				4FFA910D186782D4003E2791 /* Release */,
			);
			defaultConfigurationIsVisible = 0;
			defaultConfigurationName = Release;
		};
		4FFA910E186782D4003E2791 /* Build configuration list for PBXNativeTarget "Grapes" */ = {
			isa = XCConfigurationList;
			buildConfigurations = (
				4FFA910F186782D4003E2791 /* Debug */,
				4FFA9110186782D4003E2791 /* Release */,
			);
			defaultConfigurationIsVisible = 0;
			defaultConfigurationName = Release;
		};
		4FFA9111186782D4003E2791 /* Build configuration list for PBXNativeTarget "GrapesTests" */ = {
			isa = XCConfigurationList;
			buildConfigurations = (
				4FFA9112186782D4003E2791 /* Debug */,
				4FFA9113186782D4003E2791 /* Release */,
			);
			defaultConfigurationIsVisible = 0;
			defaultConfigurationName = Release;
		};
/* End XCConfigurationList section */

/* Begin XCVersionGroup section */
		1D5FEF2D1A4DC6A7002213A6 /* Grapes.xcdatamodeld */ = {
			isa = XCVersionGroup;
			children = (
				1D5FEF2E1A4DC6A7002213A6 /* Grapes.xcdatamodel */,
			);
			currentVersion = 1D5FEF2E1A4DC6A7002213A6 /* Grapes.xcdatamodel */;
			path = Grapes.xcdatamodeld;
			sourceTree = "<group>";
			versionGroupType = wrapper.xcdatamodel;
		};
/* End XCVersionGroup section */
	};
	rootObject = 4FFA90D4186782D4003E2791 /* Project object */;
}
